
Microsoft Visual Studio Solution File, Format Version 11.00
# Visual Studio 2010
Project("{FAE04EC0-301F-11D3-BF4B-00C04F79EFBC}") = "Ninject", "Ninject\Ninject.csproj", "{ADF369E2-6B9E-4D56-9B82-D273AE41EC2D}"
EndProject
Project("{FAE04EC0-301F-11D3-BF4B-00C04F79EFBC}") = "Ninject.Extensions.Logging", "Ninject.Extensions.Logging\Ninject.Extensions.Logging.csproj", "{1C0E875E-B2D2-4DDA-874B-D8A9E45A3888}"
EndProject
Project("{FAE04EC0-301F-11D3-BF4B-00C04F79EFBC}") = "Ninject.Extensions.Logging.NLog", "Ninject.Extensions.Logging.NLog\Ninject.Extensions.Logging.NLog.csproj", "{3BDACDF8-ADCB-42FD-AB5F-E7E54A674D93}"
EndProject
Project("{FAE04EC0-301F-11D3-BF4B-00C04F79EFBC}") = "NLog", "NLog\NLog.csproj", "{020354EE-5073-4BB5-9AA2-A7EADA8CAD09}"
EndProject
Project("{FAE04EC0-301F-11D3-BF4B-00C04F79EFBC}") = "BSClient", "BSClient\BSClient.csproj", "{3DC43014-1A38-402E-9D04-E02BCBA0E4A6}"
EndProject
Project("{FAE04EC0-301F-11D3-BF4B-00C04F79EFBC}") = "BSCore", "BSCore\BSCore.csproj", "{6781D227-7561-4D66-B1DB-BC072393B4F9}"
EndProject
Project("{FAE04EC0-301F-11D3-BF4B-00C04F79EFBC}") = "OpenTK", "OpenTK\1.0\Source\OpenTK\OpenTK.csproj", "{A37A7E14-0000-0000-0000-000000000000}"
EndProject
Project("{FAE04EC0-301F-11D3-BF4B-00C04F79EFBC}") = "LibNoise", "LibNoise\LibNoise\LibNoise.csproj", "{031C8CFF-F147-44EA-B7E5-0A5644808A7E}"
EndProject
Project("{FAE04EC0-301F-11D3-BF4B-00C04F79EFBC}") = "JsonExSerializer", "JsonExSerializer\JsonExSerializer\JsonExSerializer.csproj", "{D0C83979-A672-4C06-99BC-B82D81749405}"
EndProject
Project("{FAE04EC0-301F-11D3-BF4B-00C04F79EFBC}") = "BSServer", "BSServer\BSServer.csproj", "{CB5903E1-6E50-4813-B16B-5B7C8009F38D}"
EndProject
Project("{FAE04EC0-301F-11D3-BF4B-00C04F79EFBC}") = "Lidgren.Network", "Lidgren\Lidgren.Network\Lidgren.Network.csproj", "{AE483C29-042E-4226-BA52-D247CE7676DA}"
EndProject
Project("{FAE04EC0-301F-11D3-BF4B-00C04F79EFBC}") = "protobuf-net", "protobuf-net\protobuf-net.csproj", "{8374E4D7-2A91-48F1-9360-09B09CF27C3F}"
EndProject
Project("{FAE04EC0-301F-11D3-BF4B-00C04F79EFBC}") = "System.Data.SQLite - ManagedOnly", "System.Data.SQLite\System.Data.SQLite\System.Data.SQLite - ManagedOnly.csproj", "{AC139952-261A-4463-B6FA-AEBC25283A66}"
EndProject
Global
	GlobalSection(SolutionConfigurationPlatforms) = preSolution
		AutomatedRelease|Any CPU = AutomatedRelease|Any CPU
		AutomatedRelease|Mixed Platforms = AutomatedRelease|Mixed Platforms
		AutomatedRelease|Win32 = AutomatedRelease|Win32
		AutomatedRelease|x86 = AutomatedRelease|x86
		Debug|Any CPU = Debug|Any CPU
		Debug|Mixed Platforms = Debug|Mixed Platforms
		Debug|Win32 = Debug|Win32
		Debug|x86 = Debug|x86
		DebugSnk|Any CPU = DebugSnk|Any CPU
		DebugSnk|Mixed Platforms = DebugSnk|Mixed Platforms
		DebugSnk|Win32 = DebugSnk|Win32
		DebugSnk|x86 = DebugSnk|x86
		Documentation|Any CPU = Documentation|Any CPU
		Documentation|Mixed Platforms = Documentation|Mixed Platforms
		Documentation|Win32 = Documentation|Win32
		Documentation|x86 = Documentation|x86
		Net20|Any CPU = Net20|Any CPU
		Net20|Mixed Platforms = Net20|Mixed Platforms
		Net20|Win32 = Net20|Win32
		Net20|x86 = Net20|x86
		Nsis|Any CPU = Nsis|Any CPU
		Nsis|Mixed Platforms = Nsis|Mixed Platforms
		Nsis|Win32 = Nsis|Win32
		Nsis|x86 = Nsis|x86
		Profile|Any CPU = Profile|Any CPU
		Profile|Mixed Platforms = Profile|Mixed Platforms
		Profile|Win32 = Profile|Win32
		Profile|x86 = Profile|x86
		Release|Any CPU = Release|Any CPU
		Release|Mixed Platforms = Release|Mixed Platforms
		Release|Win32 = Release|Win32
		Release|x86 = Release|x86
		ReleaseSnk|Any CPU = ReleaseSnk|Any CPU
		ReleaseSnk|Mixed Platforms = ReleaseSnk|Mixed Platforms
		ReleaseSnk|Win32 = ReleaseSnk|Win32
		ReleaseSnk|x86 = ReleaseSnk|x86
		Silverlight2|Any CPU = Silverlight2|Any CPU
		Silverlight2|Mixed Platforms = Silverlight2|Mixed Platforms
		Silverlight2|Win32 = Silverlight2|Win32
		Silverlight2|x86 = Silverlight2|x86
		StockDebug|Any CPU = StockDebug|Any CPU
		StockDebug|Mixed Platforms = StockDebug|Mixed Platforms
		StockDebug|Win32 = StockDebug|Win32
		StockDebug|x86 = StockDebug|x86
		StockRelease|Any CPU = StockRelease|Any CPU
		StockRelease|Mixed Platforms = StockRelease|Mixed Platforms
		StockRelease|Win32 = StockRelease|Win32
		StockRelease|x86 = StockRelease|x86
	EndGlobalSection
	GlobalSection(ProjectConfigurationPlatforms) = postSolution
		{ADF369E2-6B9E-4D56-9B82-D273AE41EC2D}.AutomatedRelease|Any CPU.ActiveCfg = AutomatedRelease|Any CPU
		{ADF369E2-6B9E-4D56-9B82-D273AE41EC2D}.AutomatedRelease|Any CPU.Build.0 = AutomatedRelease|Any CPU
		{ADF369E2-6B9E-4D56-9B82-D273AE41EC2D}.AutomatedRelease|Mixed Platforms.ActiveCfg = AutomatedRelease|Any CPU
		{ADF369E2-6B9E-4D56-9B82-D273AE41EC2D}.AutomatedRelease|Mixed Platforms.Build.0 = AutomatedRelease|Any CPU
		{ADF369E2-6B9E-4D56-9B82-D273AE41EC2D}.AutomatedRelease|Win32.ActiveCfg = AutomatedRelease|Any CPU
		{ADF369E2-6B9E-4D56-9B82-D273AE41EC2D}.AutomatedRelease|x86.ActiveCfg = AutomatedRelease|Any CPU
		{ADF369E2-6B9E-4D56-9B82-D273AE41EC2D}.Debug|Any CPU.ActiveCfg = Debug|Any CPU
		{ADF369E2-6B9E-4D56-9B82-D273AE41EC2D}.Debug|Any CPU.Build.0 = Debug|Any CPU
		{ADF369E2-6B9E-4D56-9B82-D273AE41EC2D}.Debug|Mixed Platforms.ActiveCfg = Debug|Any CPU
		{ADF369E2-6B9E-4D56-9B82-D273AE41EC2D}.Debug|Mixed Platforms.Build.0 = Debug|Any CPU
		{ADF369E2-6B9E-4D56-9B82-D273AE41EC2D}.Debug|Win32.ActiveCfg = Debug|Any CPU
		{ADF369E2-6B9E-4D56-9B82-D273AE41EC2D}.Debug|x86.ActiveCfg = Debug|Any CPU
		{ADF369E2-6B9E-4D56-9B82-D273AE41EC2D}.DebugSnk|Any CPU.ActiveCfg = Debug|Any CPU
		{ADF369E2-6B9E-4D56-9B82-D273AE41EC2D}.DebugSnk|Any CPU.Build.0 = Debug|Any CPU
		{ADF369E2-6B9E-4D56-9B82-D273AE41EC2D}.DebugSnk|Mixed Platforms.ActiveCfg = Debug|Any CPU
		{ADF369E2-6B9E-4D56-9B82-D273AE41EC2D}.DebugSnk|Mixed Platforms.Build.0 = Debug|Any CPU
		{ADF369E2-6B9E-4D56-9B82-D273AE41EC2D}.DebugSnk|Win32.ActiveCfg = Debug|Any CPU
		{ADF369E2-6B9E-4D56-9B82-D273AE41EC2D}.DebugSnk|x86.ActiveCfg = Debug|Any CPU
		{ADF369E2-6B9E-4D56-9B82-D273AE41EC2D}.Documentation|Any CPU.ActiveCfg = Debug|Any CPU
		{ADF369E2-6B9E-4D56-9B82-D273AE41EC2D}.Documentation|Any CPU.Build.0 = Debug|Any CPU
		{ADF369E2-6B9E-4D56-9B82-D273AE41EC2D}.Documentation|Mixed Platforms.ActiveCfg = Debug|Any CPU
		{ADF369E2-6B9E-4D56-9B82-D273AE41EC2D}.Documentation|Mixed Platforms.Build.0 = Debug|Any CPU
		{ADF369E2-6B9E-4D56-9B82-D273AE41EC2D}.Documentation|Win32.ActiveCfg = Debug|Any CPU
		{ADF369E2-6B9E-4D56-9B82-D273AE41EC2D}.Documentation|x86.ActiveCfg = Debug|Any CPU
		{ADF369E2-6B9E-4D56-9B82-D273AE41EC2D}.Net20|Any CPU.ActiveCfg = AutomatedRelease|Any CPU
		{ADF369E2-6B9E-4D56-9B82-D273AE41EC2D}.Net20|Any CPU.Build.0 = AutomatedRelease|Any CPU
		{ADF369E2-6B9E-4D56-9B82-D273AE41EC2D}.Net20|Mixed Platforms.ActiveCfg = AutomatedRelease|Any CPU
		{ADF369E2-6B9E-4D56-9B82-D273AE41EC2D}.Net20|Mixed Platforms.Build.0 = AutomatedRelease|Any CPU
		{ADF369E2-6B9E-4D56-9B82-D273AE41EC2D}.Net20|Win32.ActiveCfg = AutomatedRelease|Any CPU
		{ADF369E2-6B9E-4D56-9B82-D273AE41EC2D}.Net20|x86.ActiveCfg = AutomatedRelease|Any CPU
		{ADF369E2-6B9E-4D56-9B82-D273AE41EC2D}.Nsis|Any CPU.ActiveCfg = AutomatedRelease|Any CPU
		{ADF369E2-6B9E-4D56-9B82-D273AE41EC2D}.Nsis|Any CPU.Build.0 = AutomatedRelease|Any CPU
		{ADF369E2-6B9E-4D56-9B82-D273AE41EC2D}.Nsis|Mixed Platforms.ActiveCfg = AutomatedRelease|Any CPU
		{ADF369E2-6B9E-4D56-9B82-D273AE41EC2D}.Nsis|Mixed Platforms.Build.0 = AutomatedRelease|Any CPU
		{ADF369E2-6B9E-4D56-9B82-D273AE41EC2D}.Nsis|Win32.ActiveCfg = AutomatedRelease|Any CPU
		{ADF369E2-6B9E-4D56-9B82-D273AE41EC2D}.Nsis|x86.ActiveCfg = AutomatedRelease|Any CPU
		{ADF369E2-6B9E-4D56-9B82-D273AE41EC2D}.Profile|Any CPU.ActiveCfg = AutomatedRelease|Any CPU
		{ADF369E2-6B9E-4D56-9B82-D273AE41EC2D}.Profile|Any CPU.Build.0 = AutomatedRelease|Any CPU
		{ADF369E2-6B9E-4D56-9B82-D273AE41EC2D}.Profile|Mixed Platforms.ActiveCfg = AutomatedRelease|Any CPU
		{ADF369E2-6B9E-4D56-9B82-D273AE41EC2D}.Profile|Mixed Platforms.Build.0 = AutomatedRelease|Any CPU
		{ADF369E2-6B9E-4D56-9B82-D273AE41EC2D}.Profile|Win32.ActiveCfg = AutomatedRelease|Any CPU
		{ADF369E2-6B9E-4D56-9B82-D273AE41EC2D}.Profile|x86.ActiveCfg = AutomatedRelease|Any CPU
		{ADF369E2-6B9E-4D56-9B82-D273AE41EC2D}.Release|Any CPU.ActiveCfg = Release|Any CPU
		{ADF369E2-6B9E-4D56-9B82-D273AE41EC2D}.Release|Any CPU.Build.0 = Release|Any CPU
		{ADF369E2-6B9E-4D56-9B82-D273AE41EC2D}.Release|Mixed Platforms.ActiveCfg = Release|Any CPU
		{ADF369E2-6B9E-4D56-9B82-D273AE41EC2D}.Release|Mixed Platforms.Build.0 = Release|Any CPU
		{ADF369E2-6B9E-4D56-9B82-D273AE41EC2D}.Release|Win32.ActiveCfg = Release|Any CPU
		{ADF369E2-6B9E-4D56-9B82-D273AE41EC2D}.Release|x86.ActiveCfg = Release|Any CPU
		{ADF369E2-6B9E-4D56-9B82-D273AE41EC2D}.ReleaseSnk|Any CPU.ActiveCfg = Release|Any CPU
		{ADF369E2-6B9E-4D56-9B82-D273AE41EC2D}.ReleaseSnk|Any CPU.Build.0 = Release|Any CPU
		{ADF369E2-6B9E-4D56-9B82-D273AE41EC2D}.ReleaseSnk|Mixed Platforms.ActiveCfg = Release|Any CPU
		{ADF369E2-6B9E-4D56-9B82-D273AE41EC2D}.ReleaseSnk|Mixed Platforms.Build.0 = Release|Any CPU
		{ADF369E2-6B9E-4D56-9B82-D273AE41EC2D}.ReleaseSnk|Win32.ActiveCfg = Release|Any CPU
		{ADF369E2-6B9E-4D56-9B82-D273AE41EC2D}.ReleaseSnk|x86.ActiveCfg = Release|Any CPU
		{ADF369E2-6B9E-4D56-9B82-D273AE41EC2D}.Silverlight2|Any CPU.ActiveCfg = AutomatedRelease|Any CPU
		{ADF369E2-6B9E-4D56-9B82-D273AE41EC2D}.Silverlight2|Any CPU.Build.0 = AutomatedRelease|Any CPU
		{ADF369E2-6B9E-4D56-9B82-D273AE41EC2D}.Silverlight2|Mixed Platforms.ActiveCfg = AutomatedRelease|Any CPU
		{ADF369E2-6B9E-4D56-9B82-D273AE41EC2D}.Silverlight2|Mixed Platforms.Build.0 = AutomatedRelease|Any CPU
		{ADF369E2-6B9E-4D56-9B82-D273AE41EC2D}.Silverlight2|Win32.ActiveCfg = AutomatedRelease|Any CPU
		{ADF369E2-6B9E-4D56-9B82-D273AE41EC2D}.Silverlight2|x86.ActiveCfg = AutomatedRelease|Any CPU
		{ADF369E2-6B9E-4D56-9B82-D273AE41EC2D}.StockDebug|Any CPU.ActiveCfg = Debug|Any CPU
		{ADF369E2-6B9E-4D56-9B82-D273AE41EC2D}.StockDebug|Any CPU.Build.0 = Debug|Any CPU
		{ADF369E2-6B9E-4D56-9B82-D273AE41EC2D}.StockDebug|Mixed Platforms.ActiveCfg = Debug|Any CPU
		{ADF369E2-6B9E-4D56-9B82-D273AE41EC2D}.StockDebug|Mixed Platforms.Build.0 = Debug|Any CPU
		{ADF369E2-6B9E-4D56-9B82-D273AE41EC2D}.StockDebug|Win32.ActiveCfg = Debug|Any CPU
		{ADF369E2-6B9E-4D56-9B82-D273AE41EC2D}.StockDebug|x86.ActiveCfg = Debug|Any CPU
		{ADF369E2-6B9E-4D56-9B82-D273AE41EC2D}.StockRelease|Any CPU.ActiveCfg = Release|Any CPU
		{ADF369E2-6B9E-4D56-9B82-D273AE41EC2D}.StockRelease|Any CPU.Build.0 = Release|Any CPU
		{ADF369E2-6B9E-4D56-9B82-D273AE41EC2D}.StockRelease|Mixed Platforms.ActiveCfg = Release|Any CPU
		{ADF369E2-6B9E-4D56-9B82-D273AE41EC2D}.StockRelease|Mixed Platforms.Build.0 = Release|Any CPU
		{ADF369E2-6B9E-4D56-9B82-D273AE41EC2D}.StockRelease|Win32.ActiveCfg = Release|Any CPU
		{ADF369E2-6B9E-4D56-9B82-D273AE41EC2D}.StockRelease|x86.ActiveCfg = Release|Any CPU
		{1C0E875E-B2D2-4DDA-874B-D8A9E45A3888}.AutomatedRelease|Any CPU.ActiveCfg = Release|Any CPU
		{1C0E875E-B2D2-4DDA-874B-D8A9E45A3888}.AutomatedRelease|Any CPU.Build.0 = Release|Any CPU
		{1C0E875E-B2D2-4DDA-874B-D8A9E45A3888}.AutomatedRelease|Mixed Platforms.ActiveCfg = Release|Any CPU
		{1C0E875E-B2D2-4DDA-874B-D8A9E45A3888}.AutomatedRelease|Mixed Platforms.Build.0 = Release|Any CPU
		{1C0E875E-B2D2-4DDA-874B-D8A9E45A3888}.AutomatedRelease|Win32.ActiveCfg = Release|Any CPU
		{1C0E875E-B2D2-4DDA-874B-D8A9E45A3888}.AutomatedRelease|x86.ActiveCfg = Release|Any CPU
		{1C0E875E-B2D2-4DDA-874B-D8A9E45A3888}.Debug|Any CPU.ActiveCfg = Debug|Any CPU
		{1C0E875E-B2D2-4DDA-874B-D8A9E45A3888}.Debug|Any CPU.Build.0 = Debug|Any CPU
		{1C0E875E-B2D2-4DDA-874B-D8A9E45A3888}.Debug|Mixed Platforms.ActiveCfg = Debug|Any CPU
		{1C0E875E-B2D2-4DDA-874B-D8A9E45A3888}.Debug|Mixed Platforms.Build.0 = Debug|Any CPU
		{1C0E875E-B2D2-4DDA-874B-D8A9E45A3888}.Debug|Win32.ActiveCfg = Debug|Any CPU
		{1C0E875E-B2D2-4DDA-874B-D8A9E45A3888}.Debug|x86.ActiveCfg = Debug|Any CPU
		{1C0E875E-B2D2-4DDA-874B-D8A9E45A3888}.DebugSnk|Any CPU.ActiveCfg = Debug|Any CPU
		{1C0E875E-B2D2-4DDA-874B-D8A9E45A3888}.DebugSnk|Any CPU.Build.0 = Debug|Any CPU
		{1C0E875E-B2D2-4DDA-874B-D8A9E45A3888}.DebugSnk|Mixed Platforms.ActiveCfg = Debug|Any CPU
		{1C0E875E-B2D2-4DDA-874B-D8A9E45A3888}.DebugSnk|Mixed Platforms.Build.0 = Debug|Any CPU
		{1C0E875E-B2D2-4DDA-874B-D8A9E45A3888}.DebugSnk|Win32.ActiveCfg = Debug|Any CPU
		{1C0E875E-B2D2-4DDA-874B-D8A9E45A3888}.DebugSnk|x86.ActiveCfg = Debug|Any CPU
		{1C0E875E-B2D2-4DDA-874B-D8A9E45A3888}.Documentation|Any CPU.ActiveCfg = Debug|Any CPU
		{1C0E875E-B2D2-4DDA-874B-D8A9E45A3888}.Documentation|Any CPU.Build.0 = Debug|Any CPU
		{1C0E875E-B2D2-4DDA-874B-D8A9E45A3888}.Documentation|Mixed Platforms.ActiveCfg = Debug|Any CPU
		{1C0E875E-B2D2-4DDA-874B-D8A9E45A3888}.Documentation|Mixed Platforms.Build.0 = Debug|Any CPU
		{1C0E875E-B2D2-4DDA-874B-D8A9E45A3888}.Documentation|Win32.ActiveCfg = Debug|Any CPU
		{1C0E875E-B2D2-4DDA-874B-D8A9E45A3888}.Documentation|x86.ActiveCfg = Debug|Any CPU
		{1C0E875E-B2D2-4DDA-874B-D8A9E45A3888}.Net20|Any CPU.ActiveCfg = Release|Any CPU
		{1C0E875E-B2D2-4DDA-874B-D8A9E45A3888}.Net20|Any CPU.Build.0 = Release|Any CPU
		{1C0E875E-B2D2-4DDA-874B-D8A9E45A3888}.Net20|Mixed Platforms.ActiveCfg = Release|Any CPU
		{1C0E875E-B2D2-4DDA-874B-D8A9E45A3888}.Net20|Mixed Platforms.Build.0 = Release|Any CPU
		{1C0E875E-B2D2-4DDA-874B-D8A9E45A3888}.Net20|Win32.ActiveCfg = Release|Any CPU
		{1C0E875E-B2D2-4DDA-874B-D8A9E45A3888}.Net20|x86.ActiveCfg = Release|Any CPU
		{1C0E875E-B2D2-4DDA-874B-D8A9E45A3888}.Nsis|Any CPU.ActiveCfg = Release|Any CPU
		{1C0E875E-B2D2-4DDA-874B-D8A9E45A3888}.Nsis|Any CPU.Build.0 = Release|Any CPU
		{1C0E875E-B2D2-4DDA-874B-D8A9E45A3888}.Nsis|Mixed Platforms.ActiveCfg = Release|Any CPU
		{1C0E875E-B2D2-4DDA-874B-D8A9E45A3888}.Nsis|Mixed Platforms.Build.0 = Release|Any CPU
		{1C0E875E-B2D2-4DDA-874B-D8A9E45A3888}.Nsis|Win32.ActiveCfg = Release|Any CPU
		{1C0E875E-B2D2-4DDA-874B-D8A9E45A3888}.Nsis|x86.ActiveCfg = Release|Any CPU
		{1C0E875E-B2D2-4DDA-874B-D8A9E45A3888}.Profile|Any CPU.ActiveCfg = Release|Any CPU
		{1C0E875E-B2D2-4DDA-874B-D8A9E45A3888}.Profile|Any CPU.Build.0 = Release|Any CPU
		{1C0E875E-B2D2-4DDA-874B-D8A9E45A3888}.Profile|Mixed Platforms.ActiveCfg = Release|Any CPU
		{1C0E875E-B2D2-4DDA-874B-D8A9E45A3888}.Profile|Mixed Platforms.Build.0 = Release|Any CPU
		{1C0E875E-B2D2-4DDA-874B-D8A9E45A3888}.Profile|Win32.ActiveCfg = Release|Any CPU
		{1C0E875E-B2D2-4DDA-874B-D8A9E45A3888}.Profile|x86.ActiveCfg = Release|Any CPU
		{1C0E875E-B2D2-4DDA-874B-D8A9E45A3888}.Release|Any CPU.ActiveCfg = Release|Any CPU
		{1C0E875E-B2D2-4DDA-874B-D8A9E45A3888}.Release|Any CPU.Build.0 = Release|Any CPU
		{1C0E875E-B2D2-4DDA-874B-D8A9E45A3888}.Release|Mixed Platforms.ActiveCfg = Release|Any CPU
		{1C0E875E-B2D2-4DDA-874B-D8A9E45A3888}.Release|Mixed Platforms.Build.0 = Release|Any CPU
		{1C0E875E-B2D2-4DDA-874B-D8A9E45A3888}.Release|Win32.ActiveCfg = Release|Any CPU
		{1C0E875E-B2D2-4DDA-874B-D8A9E45A3888}.Release|x86.ActiveCfg = Release|Any CPU
		{1C0E875E-B2D2-4DDA-874B-D8A9E45A3888}.ReleaseSnk|Any CPU.ActiveCfg = Release|Any CPU
		{1C0E875E-B2D2-4DDA-874B-D8A9E45A3888}.ReleaseSnk|Any CPU.Build.0 = Release|Any CPU
		{1C0E875E-B2D2-4DDA-874B-D8A9E45A3888}.ReleaseSnk|Mixed Platforms.ActiveCfg = Release|Any CPU
		{1C0E875E-B2D2-4DDA-874B-D8A9E45A3888}.ReleaseSnk|Mixed Platforms.Build.0 = Release|Any CPU
		{1C0E875E-B2D2-4DDA-874B-D8A9E45A3888}.ReleaseSnk|Win32.ActiveCfg = Release|Any CPU
		{1C0E875E-B2D2-4DDA-874B-D8A9E45A3888}.ReleaseSnk|x86.ActiveCfg = Release|Any CPU
		{1C0E875E-B2D2-4DDA-874B-D8A9E45A3888}.Silverlight2|Any CPU.ActiveCfg = Release|Any CPU
		{1C0E875E-B2D2-4DDA-874B-D8A9E45A3888}.Silverlight2|Any CPU.Build.0 = Release|Any CPU
		{1C0E875E-B2D2-4DDA-874B-D8A9E45A3888}.Silverlight2|Mixed Platforms.ActiveCfg = Release|Any CPU
		{1C0E875E-B2D2-4DDA-874B-D8A9E45A3888}.Silverlight2|Mixed Platforms.Build.0 = Release|Any CPU
		{1C0E875E-B2D2-4DDA-874B-D8A9E45A3888}.Silverlight2|Win32.ActiveCfg = Release|Any CPU
		{1C0E875E-B2D2-4DDA-874B-D8A9E45A3888}.Silverlight2|x86.ActiveCfg = Release|Any CPU
		{1C0E875E-B2D2-4DDA-874B-D8A9E45A3888}.StockDebug|Any CPU.ActiveCfg = Debug|Any CPU
		{1C0E875E-B2D2-4DDA-874B-D8A9E45A3888}.StockDebug|Any CPU.Build.0 = Debug|Any CPU
		{1C0E875E-B2D2-4DDA-874B-D8A9E45A3888}.StockDebug|Mixed Platforms.ActiveCfg = Debug|Any CPU
		{1C0E875E-B2D2-4DDA-874B-D8A9E45A3888}.StockDebug|Mixed Platforms.Build.0 = Debug|Any CPU
		{1C0E875E-B2D2-4DDA-874B-D8A9E45A3888}.StockDebug|Win32.ActiveCfg = Debug|Any CPU
		{1C0E875E-B2D2-4DDA-874B-D8A9E45A3888}.StockDebug|x86.ActiveCfg = Debug|Any CPU
		{1C0E875E-B2D2-4DDA-874B-D8A9E45A3888}.StockRelease|Any CPU.ActiveCfg = Release|Any CPU
		{1C0E875E-B2D2-4DDA-874B-D8A9E45A3888}.StockRelease|Any CPU.Build.0 = Release|Any CPU
		{1C0E875E-B2D2-4DDA-874B-D8A9E45A3888}.StockRelease|Mixed Platforms.ActiveCfg = Release|Any CPU
		{1C0E875E-B2D2-4DDA-874B-D8A9E45A3888}.StockRelease|Mixed Platforms.Build.0 = Release|Any CPU
		{1C0E875E-B2D2-4DDA-874B-D8A9E45A3888}.StockRelease|Win32.ActiveCfg = Release|Any CPU
		{1C0E875E-B2D2-4DDA-874B-D8A9E45A3888}.StockRelease|x86.ActiveCfg = Release|Any CPU
		{3BDACDF8-ADCB-42FD-AB5F-E7E54A674D93}.AutomatedRelease|Any CPU.ActiveCfg = Release|Any CPU
		{3BDACDF8-ADCB-42FD-AB5F-E7E54A674D93}.AutomatedRelease|Any CPU.Build.0 = Release|Any CPU
		{3BDACDF8-ADCB-42FD-AB5F-E7E54A674D93}.AutomatedRelease|Mixed Platforms.ActiveCfg = Release|Any CPU
		{3BDACDF8-ADCB-42FD-AB5F-E7E54A674D93}.AutomatedRelease|Mixed Platforms.Build.0 = Release|Any CPU
		{3BDACDF8-ADCB-42FD-AB5F-E7E54A674D93}.AutomatedRelease|Win32.ActiveCfg = Release|Any CPU
		{3BDACDF8-ADCB-42FD-AB5F-E7E54A674D93}.AutomatedRelease|x86.ActiveCfg = Release|Any CPU
		{3BDACDF8-ADCB-42FD-AB5F-E7E54A674D93}.Debug|Any CPU.ActiveCfg = Debug|Any CPU
		{3BDACDF8-ADCB-42FD-AB5F-E7E54A674D93}.Debug|Any CPU.Build.0 = Debug|Any CPU
		{3BDACDF8-ADCB-42FD-AB5F-E7E54A674D93}.Debug|Mixed Platforms.ActiveCfg = Debug|Any CPU
		{3BDACDF8-ADCB-42FD-AB5F-E7E54A674D93}.Debug|Mixed Platforms.Build.0 = Debug|Any CPU
		{3BDACDF8-ADCB-42FD-AB5F-E7E54A674D93}.Debug|Win32.ActiveCfg = Debug|Any CPU
		{3BDACDF8-ADCB-42FD-AB5F-E7E54A674D93}.Debug|x86.ActiveCfg = Debug|Any CPU
		{3BDACDF8-ADCB-42FD-AB5F-E7E54A674D93}.DebugSnk|Any CPU.ActiveCfg = Debug|Any CPU
		{3BDACDF8-ADCB-42FD-AB5F-E7E54A674D93}.DebugSnk|Any CPU.Build.0 = Debug|Any CPU
		{3BDACDF8-ADCB-42FD-AB5F-E7E54A674D93}.DebugSnk|Mixed Platforms.ActiveCfg = Debug|Any CPU
		{3BDACDF8-ADCB-42FD-AB5F-E7E54A674D93}.DebugSnk|Mixed Platforms.Build.0 = Debug|Any CPU
		{3BDACDF8-ADCB-42FD-AB5F-E7E54A674D93}.DebugSnk|Win32.ActiveCfg = Debug|Any CPU
		{3BDACDF8-ADCB-42FD-AB5F-E7E54A674D93}.DebugSnk|x86.ActiveCfg = Debug|Any CPU
		{3BDACDF8-ADCB-42FD-AB5F-E7E54A674D93}.Documentation|Any CPU.ActiveCfg = Debug|Any CPU
		{3BDACDF8-ADCB-42FD-AB5F-E7E54A674D93}.Documentation|Any CPU.Build.0 = Debug|Any CPU
		{3BDACDF8-ADCB-42FD-AB5F-E7E54A674D93}.Documentation|Mixed Platforms.ActiveCfg = Debug|Any CPU
		{3BDACDF8-ADCB-42FD-AB5F-E7E54A674D93}.Documentation|Mixed Platforms.Build.0 = Debug|Any CPU
		{3BDACDF8-ADCB-42FD-AB5F-E7E54A674D93}.Documentation|Win32.ActiveCfg = Debug|Any CPU
		{3BDACDF8-ADCB-42FD-AB5F-E7E54A674D93}.Documentation|x86.ActiveCfg = Debug|Any CPU
		{3BDACDF8-ADCB-42FD-AB5F-E7E54A674D93}.Net20|Any CPU.ActiveCfg = Release|Any CPU
		{3BDACDF8-ADCB-42FD-AB5F-E7E54A674D93}.Net20|Any CPU.Build.0 = Release|Any CPU
		{3BDACDF8-ADCB-42FD-AB5F-E7E54A674D93}.Net20|Mixed Platforms.ActiveCfg = Release|Any CPU
		{3BDACDF8-ADCB-42FD-AB5F-E7E54A674D93}.Net20|Mixed Platforms.Build.0 = Release|Any CPU
		{3BDACDF8-ADCB-42FD-AB5F-E7E54A674D93}.Net20|Win32.ActiveCfg = Release|Any CPU
		{3BDACDF8-ADCB-42FD-AB5F-E7E54A674D93}.Net20|x86.ActiveCfg = Release|Any CPU
		{3BDACDF8-ADCB-42FD-AB5F-E7E54A674D93}.Nsis|Any CPU.ActiveCfg = Release|Any CPU
		{3BDACDF8-ADCB-42FD-AB5F-E7E54A674D93}.Nsis|Any CPU.Build.0 = Release|Any CPU
		{3BDACDF8-ADCB-42FD-AB5F-E7E54A674D93}.Nsis|Mixed Platforms.ActiveCfg = Release|Any CPU
		{3BDACDF8-ADCB-42FD-AB5F-E7E54A674D93}.Nsis|Mixed Platforms.Build.0 = Release|Any CPU
		{3BDACDF8-ADCB-42FD-AB5F-E7E54A674D93}.Nsis|Win32.ActiveCfg = Release|Any CPU
		{3BDACDF8-ADCB-42FD-AB5F-E7E54A674D93}.Nsis|x86.ActiveCfg = Release|Any CPU
		{3BDACDF8-ADCB-42FD-AB5F-E7E54A674D93}.Profile|Any CPU.ActiveCfg = Release|Any CPU
		{3BDACDF8-ADCB-42FD-AB5F-E7E54A674D93}.Profile|Any CPU.Build.0 = Release|Any CPU
		{3BDACDF8-ADCB-42FD-AB5F-E7E54A674D93}.Profile|Mixed Platforms.ActiveCfg = Release|Any CPU
		{3BDACDF8-ADCB-42FD-AB5F-E7E54A674D93}.Profile|Mixed Platforms.Build.0 = Release|Any CPU
		{3BDACDF8-ADCB-42FD-AB5F-E7E54A674D93}.Profile|Win32.ActiveCfg = Release|Any CPU
		{3BDACDF8-ADCB-42FD-AB5F-E7E54A674D93}.Profile|x86.ActiveCfg = Release|Any CPU
		{3BDACDF8-ADCB-42FD-AB5F-E7E54A674D93}.Release|Any CPU.ActiveCfg = Release|Any CPU
		{3BDACDF8-ADCB-42FD-AB5F-E7E54A674D93}.Release|Any CPU.Build.0 = Release|Any CPU
		{3BDACDF8-ADCB-42FD-AB5F-E7E54A674D93}.Release|Mixed Platforms.ActiveCfg = Release|Any CPU
		{3BDACDF8-ADCB-42FD-AB5F-E7E54A674D93}.Release|Mixed Platforms.Build.0 = Release|Any CPU
		{3BDACDF8-ADCB-42FD-AB5F-E7E54A674D93}.Release|Win32.ActiveCfg = Release|Any CPU
		{3BDACDF8-ADCB-42FD-AB5F-E7E54A674D93}.Release|x86.ActiveCfg = Release|Any CPU
		{3BDACDF8-ADCB-42FD-AB5F-E7E54A674D93}.ReleaseSnk|Any CPU.ActiveCfg = Release|Any CPU
		{3BDACDF8-ADCB-42FD-AB5F-E7E54A674D93}.ReleaseSnk|Any CPU.Build.0 = Release|Any CPU
		{3BDACDF8-ADCB-42FD-AB5F-E7E54A674D93}.ReleaseSnk|Mixed Platforms.ActiveCfg = Release|Any CPU
		{3BDACDF8-ADCB-42FD-AB5F-E7E54A674D93}.ReleaseSnk|Mixed Platforms.Build.0 = Release|Any CPU
		{3BDACDF8-ADCB-42FD-AB5F-E7E54A674D93}.ReleaseSnk|Win32.ActiveCfg = Release|Any CPU
		{3BDACDF8-ADCB-42FD-AB5F-E7E54A674D93}.ReleaseSnk|x86.ActiveCfg = Release|Any CPU
		{3BDACDF8-ADCB-42FD-AB5F-E7E54A674D93}.Silverlight2|Any CPU.ActiveCfg = Release|Any CPU
		{3BDACDF8-ADCB-42FD-AB5F-E7E54A674D93}.Silverlight2|Any CPU.Build.0 = Release|Any CPU
		{3BDACDF8-ADCB-42FD-AB5F-E7E54A674D93}.Silverlight2|Mixed Platforms.ActiveCfg = Release|Any CPU
		{3BDACDF8-ADCB-42FD-AB5F-E7E54A674D93}.Silverlight2|Mixed Platforms.Build.0 = Release|Any CPU
		{3BDACDF8-ADCB-42FD-AB5F-E7E54A674D93}.Silverlight2|Win32.ActiveCfg = Release|Any CPU
		{3BDACDF8-ADCB-42FD-AB5F-E7E54A674D93}.Silverlight2|x86.ActiveCfg = Release|Any CPU
		{3BDACDF8-ADCB-42FD-AB5F-E7E54A674D93}.StockDebug|Any CPU.ActiveCfg = Debug|Any CPU
		{3BDACDF8-ADCB-42FD-AB5F-E7E54A674D93}.StockDebug|Any CPU.Build.0 = Debug|Any CPU
		{3BDACDF8-ADCB-42FD-AB5F-E7E54A674D93}.StockDebug|Mixed Platforms.ActiveCfg = Debug|Any CPU
		{3BDACDF8-ADCB-42FD-AB5F-E7E54A674D93}.StockDebug|Mixed Platforms.Build.0 = Debug|Any CPU
		{3BDACDF8-ADCB-42FD-AB5F-E7E54A674D93}.StockDebug|Win32.ActiveCfg = Debug|Any CPU
		{3BDACDF8-ADCB-42FD-AB5F-E7E54A674D93}.StockDebug|x86.ActiveCfg = Debug|Any CPU
		{3BDACDF8-ADCB-42FD-AB5F-E7E54A674D93}.StockRelease|Any CPU.ActiveCfg = Release|Any CPU
		{3BDACDF8-ADCB-42FD-AB5F-E7E54A674D93}.StockRelease|Any CPU.Build.0 = Release|Any CPU
		{3BDACDF8-ADCB-42FD-AB5F-E7E54A674D93}.StockRelease|Mixed Platforms.ActiveCfg = Release|Any CPU
		{3BDACDF8-ADCB-42FD-AB5F-E7E54A674D93}.StockRelease|Mixed Platforms.Build.0 = Release|Any CPU
		{3BDACDF8-ADCB-42FD-AB5F-E7E54A674D93}.StockRelease|Win32.ActiveCfg = Release|Any CPU
		{3BDACDF8-ADCB-42FD-AB5F-E7E54A674D93}.StockRelease|x86.ActiveCfg = Release|Any CPU
		{020354EE-5073-4BB5-9AA2-A7EADA8CAD09}.AutomatedRelease|Any CPU.ActiveCfg = Release|Any CPU
		{020354EE-5073-4BB5-9AA2-A7EADA8CAD09}.AutomatedRelease|Any CPU.Build.0 = Release|Any CPU
		{020354EE-5073-4BB5-9AA2-A7EADA8CAD09}.AutomatedRelease|Mixed Platforms.ActiveCfg = Release|Any CPU
		{020354EE-5073-4BB5-9AA2-A7EADA8CAD09}.AutomatedRelease|Mixed Platforms.Build.0 = Release|Any CPU
		{020354EE-5073-4BB5-9AA2-A7EADA8CAD09}.AutomatedRelease|Win32.ActiveCfg = Release|Any CPU
		{020354EE-5073-4BB5-9AA2-A7EADA8CAD09}.AutomatedRelease|x86.ActiveCfg = Release|Any CPU
		{020354EE-5073-4BB5-9AA2-A7EADA8CAD09}.Debug|Any CPU.ActiveCfg = Debug|Any CPU
		{020354EE-5073-4BB5-9AA2-A7EADA8CAD09}.Debug|Any CPU.Build.0 = Debug|Any CPU
		{020354EE-5073-4BB5-9AA2-A7EADA8CAD09}.Debug|Mixed Platforms.ActiveCfg = Debug|Any CPU
		{020354EE-5073-4BB5-9AA2-A7EADA8CAD09}.Debug|Mixed Platforms.Build.0 = Debug|Any CPU
		{020354EE-5073-4BB5-9AA2-A7EADA8CAD09}.Debug|Win32.ActiveCfg = Debug|Any CPU
		{020354EE-5073-4BB5-9AA2-A7EADA8CAD09}.Debug|x86.ActiveCfg = Debug|Any CPU
		{020354EE-5073-4BB5-9AA2-A7EADA8CAD09}.DebugSnk|Any CPU.ActiveCfg = Debug|Any CPU
		{020354EE-5073-4BB5-9AA2-A7EADA8CAD09}.DebugSnk|Any CPU.Build.0 = Debug|Any CPU
		{020354EE-5073-4BB5-9AA2-A7EADA8CAD09}.DebugSnk|Mixed Platforms.ActiveCfg = Debug|Any CPU
		{020354EE-5073-4BB5-9AA2-A7EADA8CAD09}.DebugSnk|Mixed Platforms.Build.0 = Debug|Any CPU
		{020354EE-5073-4BB5-9AA2-A7EADA8CAD09}.DebugSnk|Win32.ActiveCfg = Debug|Any CPU
		{020354EE-5073-4BB5-9AA2-A7EADA8CAD09}.DebugSnk|x86.ActiveCfg = Debug|Any CPU
		{020354EE-5073-4BB5-9AA2-A7EADA8CAD09}.Documentation|Any CPU.ActiveCfg = Debug|Any CPU
		{020354EE-5073-4BB5-9AA2-A7EADA8CAD09}.Documentation|Any CPU.Build.0 = Debug|Any CPU
		{020354EE-5073-4BB5-9AA2-A7EADA8CAD09}.Documentation|Mixed Platforms.ActiveCfg = Debug|Any CPU
		{020354EE-5073-4BB5-9AA2-A7EADA8CAD09}.Documentation|Mixed Platforms.Build.0 = Debug|Any CPU
		{020354EE-5073-4BB5-9AA2-A7EADA8CAD09}.Documentation|Win32.ActiveCfg = Debug|Any CPU
		{020354EE-5073-4BB5-9AA2-A7EADA8CAD09}.Documentation|x86.ActiveCfg = Debug|Any CPU
		{020354EE-5073-4BB5-9AA2-A7EADA8CAD09}.Net20|Any CPU.ActiveCfg = Release|Any CPU
		{020354EE-5073-4BB5-9AA2-A7EADA8CAD09}.Net20|Any CPU.Build.0 = Release|Any CPU
		{020354EE-5073-4BB5-9AA2-A7EADA8CAD09}.Net20|Mixed Platforms.ActiveCfg = Release|Any CPU
		{020354EE-5073-4BB5-9AA2-A7EADA8CAD09}.Net20|Mixed Platforms.Build.0 = Release|Any CPU
		{020354EE-5073-4BB5-9AA2-A7EADA8CAD09}.Net20|Win32.ActiveCfg = Release|Any CPU
		{020354EE-5073-4BB5-9AA2-A7EADA8CAD09}.Net20|x86.ActiveCfg = Release|Any CPU
		{020354EE-5073-4BB5-9AA2-A7EADA8CAD09}.Nsis|Any CPU.ActiveCfg = Release|Any CPU
		{020354EE-5073-4BB5-9AA2-A7EADA8CAD09}.Nsis|Any CPU.Build.0 = Release|Any CPU
		{020354EE-5073-4BB5-9AA2-A7EADA8CAD09}.Nsis|Mixed Platforms.ActiveCfg = Release|Any CPU
		{020354EE-5073-4BB5-9AA2-A7EADA8CAD09}.Nsis|Mixed Platforms.Build.0 = Release|Any CPU
		{020354EE-5073-4BB5-9AA2-A7EADA8CAD09}.Nsis|Win32.ActiveCfg = Release|Any CPU
		{020354EE-5073-4BB5-9AA2-A7EADA8CAD09}.Nsis|x86.ActiveCfg = Release|Any CPU
		{020354EE-5073-4BB5-9AA2-A7EADA8CAD09}.Profile|Any CPU.ActiveCfg = Release|Any CPU
		{020354EE-5073-4BB5-9AA2-A7EADA8CAD09}.Profile|Any CPU.Build.0 = Release|Any CPU
		{020354EE-5073-4BB5-9AA2-A7EADA8CAD09}.Profile|Mixed Platforms.ActiveCfg = Release|Any CPU
		{020354EE-5073-4BB5-9AA2-A7EADA8CAD09}.Profile|Mixed Platforms.Build.0 = Release|Any CPU
		{020354EE-5073-4BB5-9AA2-A7EADA8CAD09}.Profile|Win32.ActiveCfg = Release|Any CPU
		{020354EE-5073-4BB5-9AA2-A7EADA8CAD09}.Profile|x86.ActiveCfg = Release|Any CPU
		{020354EE-5073-4BB5-9AA2-A7EADA8CAD09}.Release|Any CPU.ActiveCfg = Release|Any CPU
		{020354EE-5073-4BB5-9AA2-A7EADA8CAD09}.Release|Any CPU.Build.0 = Release|Any CPU
		{020354EE-5073-4BB5-9AA2-A7EADA8CAD09}.Release|Mixed Platforms.ActiveCfg = Release|Any CPU
		{020354EE-5073-4BB5-9AA2-A7EADA8CAD09}.Release|Mixed Platforms.Build.0 = Release|Any CPU
		{020354EE-5073-4BB5-9AA2-A7EADA8CAD09}.Release|Win32.ActiveCfg = Release|Any CPU
		{020354EE-5073-4BB5-9AA2-A7EADA8CAD09}.Release|x86.ActiveCfg = Release|Any CPU
		{020354EE-5073-4BB5-9AA2-A7EADA8CAD09}.ReleaseSnk|Any CPU.ActiveCfg = Release|Any CPU
		{020354EE-5073-4BB5-9AA2-A7EADA8CAD09}.ReleaseSnk|Any CPU.Build.0 = Release|Any CPU
		{020354EE-5073-4BB5-9AA2-A7EADA8CAD09}.ReleaseSnk|Mixed Platforms.ActiveCfg = Release|Any CPU
		{020354EE-5073-4BB5-9AA2-A7EADA8CAD09}.ReleaseSnk|Mixed Platforms.Build.0 = Release|Any CPU
		{020354EE-5073-4BB5-9AA2-A7EADA8CAD09}.ReleaseSnk|Win32.ActiveCfg = Release|Any CPU
		{020354EE-5073-4BB5-9AA2-A7EADA8CAD09}.ReleaseSnk|x86.ActiveCfg = Release|Any CPU
		{020354EE-5073-4BB5-9AA2-A7EADA8CAD09}.Silverlight2|Any CPU.ActiveCfg = Release|Any CPU
		{020354EE-5073-4BB5-9AA2-A7EADA8CAD09}.Silverlight2|Any CPU.Build.0 = Release|Any CPU
		{020354EE-5073-4BB5-9AA2-A7EADA8CAD09}.Silverlight2|Mixed Platforms.ActiveCfg = Release|Any CPU
		{020354EE-5073-4BB5-9AA2-A7EADA8CAD09}.Silverlight2|Mixed Platforms.Build.0 = Release|Any CPU
		{020354EE-5073-4BB5-9AA2-A7EADA8CAD09}.Silverlight2|Win32.ActiveCfg = Release|Any CPU
		{020354EE-5073-4BB5-9AA2-A7EADA8CAD09}.Silverlight2|x86.ActiveCfg = Release|Any CPU
		{020354EE-5073-4BB5-9AA2-A7EADA8CAD09}.StockDebug|Any CPU.ActiveCfg = Debug|Any CPU
		{020354EE-5073-4BB5-9AA2-A7EADA8CAD09}.StockDebug|Any CPU.Build.0 = Debug|Any CPU
		{020354EE-5073-4BB5-9AA2-A7EADA8CAD09}.StockDebug|Mixed Platforms.ActiveCfg = Debug|Any CPU
		{020354EE-5073-4BB5-9AA2-A7EADA8CAD09}.StockDebug|Mixed Platforms.Build.0 = Debug|Any CPU
		{020354EE-5073-4BB5-9AA2-A7EADA8CAD09}.StockDebug|Win32.ActiveCfg = Debug|Any CPU
		{020354EE-5073-4BB5-9AA2-A7EADA8CAD09}.StockDebug|x86.ActiveCfg = Debug|Any CPU
		{020354EE-5073-4BB5-9AA2-A7EADA8CAD09}.StockRelease|Any CPU.ActiveCfg = Release|Any CPU
		{020354EE-5073-4BB5-9AA2-A7EADA8CAD09}.StockRelease|Any CPU.Build.0 = Release|Any CPU
		{020354EE-5073-4BB5-9AA2-A7EADA8CAD09}.StockRelease|Mixed Platforms.ActiveCfg = Release|Any CPU
		{020354EE-5073-4BB5-9AA2-A7EADA8CAD09}.StockRelease|Mixed Platforms.Build.0 = Release|Any CPU
		{020354EE-5073-4BB5-9AA2-A7EADA8CAD09}.StockRelease|Win32.ActiveCfg = Release|Any CPU
		{020354EE-5073-4BB5-9AA2-A7EADA8CAD09}.StockRelease|x86.ActiveCfg = Release|Any CPU
		{3DC43014-1A38-402E-9D04-E02BCBA0E4A6}.AutomatedRelease|Any CPU.ActiveCfg = Debug|Any CPU
		{3DC43014-1A38-402E-9D04-E02BCBA0E4A6}.AutomatedRelease|Any CPU.Build.0 = Debug|Any CPU
		{3DC43014-1A38-402E-9D04-E02BCBA0E4A6}.AutomatedRelease|Mixed Platforms.ActiveCfg = Debug|Any CPU
		{3DC43014-1A38-402E-9D04-E02BCBA0E4A6}.AutomatedRelease|Mixed Platforms.Build.0 = Debug|Any CPU
		{3DC43014-1A38-402E-9D04-E02BCBA0E4A6}.AutomatedRelease|Win32.ActiveCfg = Debug|Any CPU
		{3DC43014-1A38-402E-9D04-E02BCBA0E4A6}.AutomatedRelease|Win32.Build.0 = Debug|Any CPU
		{3DC43014-1A38-402E-9D04-E02BCBA0E4A6}.AutomatedRelease|x86.ActiveCfg = Debug|Any CPU
		{3DC43014-1A38-402E-9D04-E02BCBA0E4A6}.AutomatedRelease|x86.Build.0 = Debug|Any CPU
		{3DC43014-1A38-402E-9D04-E02BCBA0E4A6}.Debug|Any CPU.ActiveCfg = Debug|Any CPU
		{3DC43014-1A38-402E-9D04-E02BCBA0E4A6}.Debug|Any CPU.Build.0 = Debug|Any CPU
		{3DC43014-1A38-402E-9D04-E02BCBA0E4A6}.Debug|Mixed Platforms.ActiveCfg = Debug|Any CPU
		{3DC43014-1A38-402E-9D04-E02BCBA0E4A6}.Debug|Mixed Platforms.Build.0 = Debug|Any CPU
		{3DC43014-1A38-402E-9D04-E02BCBA0E4A6}.Debug|Win32.ActiveCfg = Debug|Any CPU
		{3DC43014-1A38-402E-9D04-E02BCBA0E4A6}.Debug|Win32.Build.0 = Debug|Any CPU
		{3DC43014-1A38-402E-9D04-E02BCBA0E4A6}.Debug|x86.ActiveCfg = Debug|Any CPU
		{3DC43014-1A38-402E-9D04-E02BCBA0E4A6}.Debug|x86.Build.0 = Debug|Any CPU
		{3DC43014-1A38-402E-9D04-E02BCBA0E4A6}.DebugSnk|Any CPU.ActiveCfg = Debug|Any CPU
		{3DC43014-1A38-402E-9D04-E02BCBA0E4A6}.DebugSnk|Any CPU.Build.0 = Debug|Any CPU
		{3DC43014-1A38-402E-9D04-E02BCBA0E4A6}.DebugSnk|Mixed Platforms.ActiveCfg = Debug|Any CPU
		{3DC43014-1A38-402E-9D04-E02BCBA0E4A6}.DebugSnk|Mixed Platforms.Build.0 = Debug|Any CPU
		{3DC43014-1A38-402E-9D04-E02BCBA0E4A6}.DebugSnk|Win32.ActiveCfg = Debug|Any CPU
		{3DC43014-1A38-402E-9D04-E02BCBA0E4A6}.DebugSnk|x86.ActiveCfg = Debug|Any CPU
		{3DC43014-1A38-402E-9D04-E02BCBA0E4A6}.Documentation|Any CPU.ActiveCfg = Debug|Any CPU
		{3DC43014-1A38-402E-9D04-E02BCBA0E4A6}.Documentation|Any CPU.Build.0 = Debug|Any CPU
		{3DC43014-1A38-402E-9D04-E02BCBA0E4A6}.Documentation|Mixed Platforms.ActiveCfg = Debug|Any CPU
		{3DC43014-1A38-402E-9D04-E02BCBA0E4A6}.Documentation|Mixed Platforms.Build.0 = Debug|Any CPU
		{3DC43014-1A38-402E-9D04-E02BCBA0E4A6}.Documentation|Win32.ActiveCfg = Debug|Any CPU
		{3DC43014-1A38-402E-9D04-E02BCBA0E4A6}.Documentation|x86.ActiveCfg = Debug|Any CPU
		{3DC43014-1A38-402E-9D04-E02BCBA0E4A6}.Net20|Any CPU.ActiveCfg = Release|Any CPU
		{3DC43014-1A38-402E-9D04-E02BCBA0E4A6}.Net20|Any CPU.Build.0 = Release|Any CPU
		{3DC43014-1A38-402E-9D04-E02BCBA0E4A6}.Net20|Mixed Platforms.ActiveCfg = Release|Any CPU
		{3DC43014-1A38-402E-9D04-E02BCBA0E4A6}.Net20|Mixed Platforms.Build.0 = Release|Any CPU
		{3DC43014-1A38-402E-9D04-E02BCBA0E4A6}.Net20|Win32.ActiveCfg = Release|Any CPU
		{3DC43014-1A38-402E-9D04-E02BCBA0E4A6}.Net20|x86.ActiveCfg = Release|Any CPU
		{3DC43014-1A38-402E-9D04-E02BCBA0E4A6}.Nsis|Any CPU.ActiveCfg = Release|Any CPU
		{3DC43014-1A38-402E-9D04-E02BCBA0E4A6}.Nsis|Any CPU.Build.0 = Release|Any CPU
		{3DC43014-1A38-402E-9D04-E02BCBA0E4A6}.Nsis|Mixed Platforms.ActiveCfg = Release|Any CPU
		{3DC43014-1A38-402E-9D04-E02BCBA0E4A6}.Nsis|Mixed Platforms.Build.0 = Release|Any CPU
		{3DC43014-1A38-402E-9D04-E02BCBA0E4A6}.Nsis|Win32.ActiveCfg = Release|Any CPU
		{3DC43014-1A38-402E-9D04-E02BCBA0E4A6}.Nsis|x86.ActiveCfg = Release|Any CPU
		{3DC43014-1A38-402E-9D04-E02BCBA0E4A6}.Profile|Any CPU.ActiveCfg = Release|Any CPU
		{3DC43014-1A38-402E-9D04-E02BCBA0E4A6}.Profile|Any CPU.Build.0 = Release|Any CPU
		{3DC43014-1A38-402E-9D04-E02BCBA0E4A6}.Profile|Mixed Platforms.ActiveCfg = Release|Any CPU
		{3DC43014-1A38-402E-9D04-E02BCBA0E4A6}.Profile|Mixed Platforms.Build.0 = Release|Any CPU
		{3DC43014-1A38-402E-9D04-E02BCBA0E4A6}.Profile|Win32.ActiveCfg = Release|Any CPU
		{3DC43014-1A38-402E-9D04-E02BCBA0E4A6}.Profile|x86.ActiveCfg = Release|Any CPU
		{3DC43014-1A38-402E-9D04-E02BCBA0E4A6}.Release|Any CPU.ActiveCfg = Release|Any CPU
		{3DC43014-1A38-402E-9D04-E02BCBA0E4A6}.Release|Any CPU.Build.0 = Release|Any CPU
		{3DC43014-1A38-402E-9D04-E02BCBA0E4A6}.Release|Mixed Platforms.ActiveCfg = Release|Any CPU
		{3DC43014-1A38-402E-9D04-E02BCBA0E4A6}.Release|Mixed Platforms.Build.0 = Release|Any CPU
		{3DC43014-1A38-402E-9D04-E02BCBA0E4A6}.Release|Win32.ActiveCfg = Release|Any CPU
		{3DC43014-1A38-402E-9D04-E02BCBA0E4A6}.Release|Win32.Build.0 = Release|Any CPU
		{3DC43014-1A38-402E-9D04-E02BCBA0E4A6}.Release|x86.ActiveCfg = Release|Any CPU
		{3DC43014-1A38-402E-9D04-E02BCBA0E4A6}.Release|x86.Build.0 = Release|Any CPU
		{3DC43014-1A38-402E-9D04-E02BCBA0E4A6}.ReleaseSnk|Any CPU.ActiveCfg = Release|Any CPU
		{3DC43014-1A38-402E-9D04-E02BCBA0E4A6}.ReleaseSnk|Any CPU.Build.0 = Release|Any CPU
		{3DC43014-1A38-402E-9D04-E02BCBA0E4A6}.ReleaseSnk|Mixed Platforms.ActiveCfg = Release|Any CPU
		{3DC43014-1A38-402E-9D04-E02BCBA0E4A6}.ReleaseSnk|Mixed Platforms.Build.0 = Release|Any CPU
		{3DC43014-1A38-402E-9D04-E02BCBA0E4A6}.ReleaseSnk|Win32.ActiveCfg = Release|Any CPU
		{3DC43014-1A38-402E-9D04-E02BCBA0E4A6}.ReleaseSnk|x86.ActiveCfg = Release|Any CPU
		{3DC43014-1A38-402E-9D04-E02BCBA0E4A6}.Silverlight2|Any CPU.ActiveCfg = Release|Any CPU
		{3DC43014-1A38-402E-9D04-E02BCBA0E4A6}.Silverlight2|Any CPU.Build.0 = Release|Any CPU
		{3DC43014-1A38-402E-9D04-E02BCBA0E4A6}.Silverlight2|Mixed Platforms.ActiveCfg = Release|Any CPU
		{3DC43014-1A38-402E-9D04-E02BCBA0E4A6}.Silverlight2|Mixed Platforms.Build.0 = Release|Any CPU
		{3DC43014-1A38-402E-9D04-E02BCBA0E4A6}.Silverlight2|Win32.ActiveCfg = Release|Any CPU
		{3DC43014-1A38-402E-9D04-E02BCBA0E4A6}.Silverlight2|x86.ActiveCfg = Release|Any CPU
		{3DC43014-1A38-402E-9D04-E02BCBA0E4A6}.StockDebug|Any CPU.ActiveCfg = Debug|Any CPU
		{3DC43014-1A38-402E-9D04-E02BCBA0E4A6}.StockDebug|Any CPU.Build.0 = Debug|Any CPU
		{3DC43014-1A38-402E-9D04-E02BCBA0E4A6}.StockDebug|Mixed Platforms.ActiveCfg = Debug|Any CPU
		{3DC43014-1A38-402E-9D04-E02BCBA0E4A6}.StockDebug|Mixed Platforms.Build.0 = Debug|Any CPU
		{3DC43014-1A38-402E-9D04-E02BCBA0E4A6}.StockDebug|Win32.ActiveCfg = Debug|Any CPU
		{3DC43014-1A38-402E-9D04-E02BCBA0E4A6}.StockDebug|x86.ActiveCfg = Debug|Any CPU
		{3DC43014-1A38-402E-9D04-E02BCBA0E4A6}.StockRelease|Any CPU.ActiveCfg = Release|Any CPU
		{3DC43014-1A38-402E-9D04-E02BCBA0E4A6}.StockRelease|Any CPU.Build.0 = Release|Any CPU
		{3DC43014-1A38-402E-9D04-E02BCBA0E4A6}.StockRelease|Mixed Platforms.ActiveCfg = Release|Any CPU
		{3DC43014-1A38-402E-9D04-E02BCBA0E4A6}.StockRelease|Mixed Platforms.Build.0 = Release|Any CPU
		{3DC43014-1A38-402E-9D04-E02BCBA0E4A6}.StockRelease|Win32.ActiveCfg = Release|Any CPU
		{3DC43014-1A38-402E-9D04-E02BCBA0E4A6}.StockRelease|x86.ActiveCfg = Release|Any CPU
		{6781D227-7561-4D66-B1DB-BC072393B4F9}.AutomatedRelease|Any CPU.ActiveCfg = Release|Any CPU
		{6781D227-7561-4D66-B1DB-BC072393B4F9}.AutomatedRelease|Any CPU.Build.0 = Release|Any CPU
		{6781D227-7561-4D66-B1DB-BC072393B4F9}.AutomatedRelease|Mixed Platforms.ActiveCfg = Release|Any CPU
		{6781D227-7561-4D66-B1DB-BC072393B4F9}.AutomatedRelease|Mixed Platforms.Build.0 = Release|Any CPU
		{6781D227-7561-4D66-B1DB-BC072393B4F9}.AutomatedRelease|Win32.ActiveCfg = Release|Any CPU
		{6781D227-7561-4D66-B1DB-BC072393B4F9}.AutomatedRelease|x86.ActiveCfg = Release|Any CPU
		{6781D227-7561-4D66-B1DB-BC072393B4F9}.Debug|Any CPU.ActiveCfg = Debug|Any CPU
		{6781D227-7561-4D66-B1DB-BC072393B4F9}.Debug|Any CPU.Build.0 = Debug|Any CPU
		{6781D227-7561-4D66-B1DB-BC072393B4F9}.Debug|Mixed Platforms.ActiveCfg = Debug|Any CPU
		{6781D227-7561-4D66-B1DB-BC072393B4F9}.Debug|Mixed Platforms.Build.0 = Debug|Any CPU
		{6781D227-7561-4D66-B1DB-BC072393B4F9}.Debug|Win32.ActiveCfg = Debug|Any CPU
		{6781D227-7561-4D66-B1DB-BC072393B4F9}.Debug|x86.ActiveCfg = Debug|Any CPU
		{6781D227-7561-4D66-B1DB-BC072393B4F9}.DebugSnk|Any CPU.ActiveCfg = Debug|Any CPU
		{6781D227-7561-4D66-B1DB-BC072393B4F9}.DebugSnk|Any CPU.Build.0 = Debug|Any CPU
		{6781D227-7561-4D66-B1DB-BC072393B4F9}.DebugSnk|Mixed Platforms.ActiveCfg = Debug|Any CPU
		{6781D227-7561-4D66-B1DB-BC072393B4F9}.DebugSnk|Mixed Platforms.Build.0 = Debug|Any CPU
		{6781D227-7561-4D66-B1DB-BC072393B4F9}.DebugSnk|Win32.ActiveCfg = Debug|Any CPU
		{6781D227-7561-4D66-B1DB-BC072393B4F9}.DebugSnk|x86.ActiveCfg = Debug|Any CPU
		{6781D227-7561-4D66-B1DB-BC072393B4F9}.Documentation|Any CPU.ActiveCfg = Debug|Any CPU
		{6781D227-7561-4D66-B1DB-BC072393B4F9}.Documentation|Any CPU.Build.0 = Debug|Any CPU
		{6781D227-7561-4D66-B1DB-BC072393B4F9}.Documentation|Mixed Platforms.ActiveCfg = Debug|Any CPU
		{6781D227-7561-4D66-B1DB-BC072393B4F9}.Documentation|Mixed Platforms.Build.0 = Debug|Any CPU
		{6781D227-7561-4D66-B1DB-BC072393B4F9}.Documentation|Win32.ActiveCfg = Debug|Any CPU
		{6781D227-7561-4D66-B1DB-BC072393B4F9}.Documentation|x86.ActiveCfg = Debug|Any CPU
		{6781D227-7561-4D66-B1DB-BC072393B4F9}.Net20|Any CPU.ActiveCfg = Release|Any CPU
		{6781D227-7561-4D66-B1DB-BC072393B4F9}.Net20|Any CPU.Build.0 = Release|Any CPU
		{6781D227-7561-4D66-B1DB-BC072393B4F9}.Net20|Mixed Platforms.ActiveCfg = Release|Any CPU
		{6781D227-7561-4D66-B1DB-BC072393B4F9}.Net20|Mixed Platforms.Build.0 = Release|Any CPU
		{6781D227-7561-4D66-B1DB-BC072393B4F9}.Net20|Win32.ActiveCfg = Release|Any CPU
		{6781D227-7561-4D66-B1DB-BC072393B4F9}.Net20|x86.ActiveCfg = Release|Any CPU
		{6781D227-7561-4D66-B1DB-BC072393B4F9}.Nsis|Any CPU.ActiveCfg = Release|Any CPU
		{6781D227-7561-4D66-B1DB-BC072393B4F9}.Nsis|Any CPU.Build.0 = Release|Any CPU
		{6781D227-7561-4D66-B1DB-BC072393B4F9}.Nsis|Mixed Platforms.ActiveCfg = Release|Any CPU
		{6781D227-7561-4D66-B1DB-BC072393B4F9}.Nsis|Mixed Platforms.Build.0 = Release|Any CPU
		{6781D227-7561-4D66-B1DB-BC072393B4F9}.Nsis|Win32.ActiveCfg = Release|Any CPU
		{6781D227-7561-4D66-B1DB-BC072393B4F9}.Nsis|x86.ActiveCfg = Release|Any CPU
		{6781D227-7561-4D66-B1DB-BC072393B4F9}.Profile|Any CPU.ActiveCfg = Release|Any CPU
		{6781D227-7561-4D66-B1DB-BC072393B4F9}.Profile|Any CPU.Build.0 = Release|Any CPU
		{6781D227-7561-4D66-B1DB-BC072393B4F9}.Profile|Mixed Platforms.ActiveCfg = Release|Any CPU
		{6781D227-7561-4D66-B1DB-BC072393B4F9}.Profile|Mixed Platforms.Build.0 = Release|Any CPU
		{6781D227-7561-4D66-B1DB-BC072393B4F9}.Profile|Win32.ActiveCfg = Release|Any CPU
		{6781D227-7561-4D66-B1DB-BC072393B4F9}.Profile|x86.ActiveCfg = Release|Any CPU
		{6781D227-7561-4D66-B1DB-BC072393B4F9}.Release|Any CPU.ActiveCfg = Release|Any CPU
		{6781D227-7561-4D66-B1DB-BC072393B4F9}.Release|Any CPU.Build.0 = Release|Any CPU
		{6781D227-7561-4D66-B1DB-BC072393B4F9}.Release|Mixed Platforms.ActiveCfg = Release|Any CPU
		{6781D227-7561-4D66-B1DB-BC072393B4F9}.Release|Mixed Platforms.Build.0 = Release|Any CPU
		{6781D227-7561-4D66-B1DB-BC072393B4F9}.Release|Win32.ActiveCfg = Release|Any CPU
		{6781D227-7561-4D66-B1DB-BC072393B4F9}.Release|x86.ActiveCfg = Release|Any CPU
		{6781D227-7561-4D66-B1DB-BC072393B4F9}.ReleaseSnk|Any CPU.ActiveCfg = Release|Any CPU
		{6781D227-7561-4D66-B1DB-BC072393B4F9}.ReleaseSnk|Any CPU.Build.0 = Release|Any CPU
		{6781D227-7561-4D66-B1DB-BC072393B4F9}.ReleaseSnk|Mixed Platforms.ActiveCfg = Release|Any CPU
		{6781D227-7561-4D66-B1DB-BC072393B4F9}.ReleaseSnk|Mixed Platforms.Build.0 = Release|Any CPU
		{6781D227-7561-4D66-B1DB-BC072393B4F9}.ReleaseSnk|Win32.ActiveCfg = Release|Any CPU
		{6781D227-7561-4D66-B1DB-BC072393B4F9}.ReleaseSnk|x86.ActiveCfg = Release|Any CPU
		{6781D227-7561-4D66-B1DB-BC072393B4F9}.Silverlight2|Any CPU.ActiveCfg = Release|Any CPU
		{6781D227-7561-4D66-B1DB-BC072393B4F9}.Silverlight2|Any CPU.Build.0 = Release|Any CPU
		{6781D227-7561-4D66-B1DB-BC072393B4F9}.Silverlight2|Mixed Platforms.ActiveCfg = Release|Any CPU
		{6781D227-7561-4D66-B1DB-BC072393B4F9}.Silverlight2|Mixed Platforms.Build.0 = Release|Any CPU
		{6781D227-7561-4D66-B1DB-BC072393B4F9}.Silverlight2|Win32.ActiveCfg = Release|Any CPU
		{6781D227-7561-4D66-B1DB-BC072393B4F9}.Silverlight2|x86.ActiveCfg = Release|Any CPU
		{6781D227-7561-4D66-B1DB-BC072393B4F9}.StockDebug|Any CPU.ActiveCfg = Debug|Any CPU
		{6781D227-7561-4D66-B1DB-BC072393B4F9}.StockDebug|Any CPU.Build.0 = Debug|Any CPU
		{6781D227-7561-4D66-B1DB-BC072393B4F9}.StockDebug|Mixed Platforms.ActiveCfg = Debug|Any CPU
		{6781D227-7561-4D66-B1DB-BC072393B4F9}.StockDebug|Mixed Platforms.Build.0 = Debug|Any CPU
		{6781D227-7561-4D66-B1DB-BC072393B4F9}.StockDebug|Win32.ActiveCfg = Debug|Any CPU
		{6781D227-7561-4D66-B1DB-BC072393B4F9}.StockDebug|x86.ActiveCfg = Debug|Any CPU
		{6781D227-7561-4D66-B1DB-BC072393B4F9}.StockRelease|Any CPU.ActiveCfg = Release|Any CPU
		{6781D227-7561-4D66-B1DB-BC072393B4F9}.StockRelease|Any CPU.Build.0 = Release|Any CPU
		{6781D227-7561-4D66-B1DB-BC072393B4F9}.StockRelease|Mixed Platforms.ActiveCfg = Release|Any CPU
		{6781D227-7561-4D66-B1DB-BC072393B4F9}.StockRelease|Mixed Platforms.Build.0 = Release|Any CPU
		{6781D227-7561-4D66-B1DB-BC072393B4F9}.StockRelease|Win32.ActiveCfg = Release|Any CPU
		{6781D227-7561-4D66-B1DB-BC072393B4F9}.StockRelease|x86.ActiveCfg = Release|Any CPU
		{A37A7E14-0000-0000-0000-000000000000}.AutomatedRelease|Any CPU.ActiveCfg = Release|Any CPU
		{A37A7E14-0000-0000-0000-000000000000}.AutomatedRelease|Any CPU.Build.0 = Release|Any CPU
		{A37A7E14-0000-0000-0000-000000000000}.AutomatedRelease|Mixed Platforms.ActiveCfg = Release|Any CPU
		{A37A7E14-0000-0000-0000-000000000000}.AutomatedRelease|Mixed Platforms.Build.0 = Release|Any CPU
		{A37A7E14-0000-0000-0000-000000000000}.AutomatedRelease|Win32.ActiveCfg = Release|Any CPU
		{A37A7E14-0000-0000-0000-000000000000}.AutomatedRelease|x86.ActiveCfg = Release|Any CPU
		{A37A7E14-0000-0000-0000-000000000000}.Debug|Any CPU.ActiveCfg = Debug|Any CPU
		{A37A7E14-0000-0000-0000-000000000000}.Debug|Any CPU.Build.0 = Debug|Any CPU
		{A37A7E14-0000-0000-0000-000000000000}.Debug|Mixed Platforms.ActiveCfg = Debug|Any CPU
		{A37A7E14-0000-0000-0000-000000000000}.Debug|Mixed Platforms.Build.0 = Debug|Any CPU
		{A37A7E14-0000-0000-0000-000000000000}.Debug|Win32.ActiveCfg = Debug|Any CPU
		{A37A7E14-0000-0000-0000-000000000000}.Debug|x86.ActiveCfg = Debug|Any CPU
		{A37A7E14-0000-0000-0000-000000000000}.DebugSnk|Any CPU.ActiveCfg = Debug|Any CPU
		{A37A7E14-0000-0000-0000-000000000000}.DebugSnk|Any CPU.Build.0 = Debug|Any CPU
		{A37A7E14-0000-0000-0000-000000000000}.DebugSnk|Mixed Platforms.ActiveCfg = Debug|Any CPU
		{A37A7E14-0000-0000-0000-000000000000}.DebugSnk|Mixed Platforms.Build.0 = Debug|Any CPU
		{A37A7E14-0000-0000-0000-000000000000}.DebugSnk|Win32.ActiveCfg = Debug|Any CPU
		{A37A7E14-0000-0000-0000-000000000000}.DebugSnk|x86.ActiveCfg = Debug|Any CPU
		{A37A7E14-0000-0000-0000-000000000000}.Documentation|Any CPU.ActiveCfg = Documentation|Any CPU
		{A37A7E14-0000-0000-0000-000000000000}.Documentation|Any CPU.Build.0 = Documentation|Any CPU
		{A37A7E14-0000-0000-0000-000000000000}.Documentation|Mixed Platforms.ActiveCfg = Documentation|Any CPU
		{A37A7E14-0000-0000-0000-000000000000}.Documentation|Mixed Platforms.Build.0 = Documentation|Any CPU
		{A37A7E14-0000-0000-0000-000000000000}.Documentation|Win32.ActiveCfg = Documentation|Any CPU
		{A37A7E14-0000-0000-0000-000000000000}.Documentation|x86.ActiveCfg = Documentation|Any CPU
		{A37A7E14-0000-0000-0000-000000000000}.Net20|Any CPU.ActiveCfg = Nsis|Any CPU
		{A37A7E14-0000-0000-0000-000000000000}.Net20|Any CPU.Build.0 = Nsis|Any CPU
		{A37A7E14-0000-0000-0000-000000000000}.Net20|Mixed Platforms.ActiveCfg = Nsis|Any CPU
		{A37A7E14-0000-0000-0000-000000000000}.Net20|Mixed Platforms.Build.0 = Nsis|Any CPU
		{A37A7E14-0000-0000-0000-000000000000}.Net20|Win32.ActiveCfg = Nsis|Any CPU
		{A37A7E14-0000-0000-0000-000000000000}.Net20|x86.ActiveCfg = Nsis|Any CPU
		{A37A7E14-0000-0000-0000-000000000000}.Nsis|Any CPU.ActiveCfg = Nsis|Any CPU
		{A37A7E14-0000-0000-0000-000000000000}.Nsis|Any CPU.Build.0 = Nsis|Any CPU
		{A37A7E14-0000-0000-0000-000000000000}.Nsis|Mixed Platforms.ActiveCfg = Nsis|Any CPU
		{A37A7E14-0000-0000-0000-000000000000}.Nsis|Mixed Platforms.Build.0 = Nsis|Any CPU
		{A37A7E14-0000-0000-0000-000000000000}.Nsis|Win32.ActiveCfg = Nsis|Any CPU
		{A37A7E14-0000-0000-0000-000000000000}.Nsis|x86.ActiveCfg = Nsis|Any CPU
		{A37A7E14-0000-0000-0000-000000000000}.Profile|Any CPU.ActiveCfg = Nsis|Any CPU
		{A37A7E14-0000-0000-0000-000000000000}.Profile|Any CPU.Build.0 = Nsis|Any CPU
		{A37A7E14-0000-0000-0000-000000000000}.Profile|Mixed Platforms.ActiveCfg = Nsis|Any CPU
		{A37A7E14-0000-0000-0000-000000000000}.Profile|Mixed Platforms.Build.0 = Nsis|Any CPU
		{A37A7E14-0000-0000-0000-000000000000}.Profile|Win32.ActiveCfg = Nsis|Any CPU
		{A37A7E14-0000-0000-0000-000000000000}.Profile|x86.ActiveCfg = Nsis|Any CPU
		{A37A7E14-0000-0000-0000-000000000000}.Release|Any CPU.ActiveCfg = Release|Any CPU
		{A37A7E14-0000-0000-0000-000000000000}.Release|Any CPU.Build.0 = Release|Any CPU
		{A37A7E14-0000-0000-0000-000000000000}.Release|Mixed Platforms.ActiveCfg = Release|Any CPU
		{A37A7E14-0000-0000-0000-000000000000}.Release|Mixed Platforms.Build.0 = Release|Any CPU
		{A37A7E14-0000-0000-0000-000000000000}.Release|Win32.ActiveCfg = Release|Any CPU
		{A37A7E14-0000-0000-0000-000000000000}.Release|x86.ActiveCfg = Release|Any CPU
		{A37A7E14-0000-0000-0000-000000000000}.ReleaseSnk|Any CPU.ActiveCfg = Release|Any CPU
		{A37A7E14-0000-0000-0000-000000000000}.ReleaseSnk|Any CPU.Build.0 = Release|Any CPU
		{A37A7E14-0000-0000-0000-000000000000}.ReleaseSnk|Mixed Platforms.ActiveCfg = Release|Any CPU
		{A37A7E14-0000-0000-0000-000000000000}.ReleaseSnk|Mixed Platforms.Build.0 = Release|Any CPU
		{A37A7E14-0000-0000-0000-000000000000}.ReleaseSnk|Win32.ActiveCfg = Release|Any CPU
		{A37A7E14-0000-0000-0000-000000000000}.ReleaseSnk|x86.ActiveCfg = Release|Any CPU
		{A37A7E14-0000-0000-0000-000000000000}.Silverlight2|Any CPU.ActiveCfg = Nsis|Any CPU
		{A37A7E14-0000-0000-0000-000000000000}.Silverlight2|Any CPU.Build.0 = Nsis|Any CPU
		{A37A7E14-0000-0000-0000-000000000000}.Silverlight2|Mixed Platforms.ActiveCfg = Nsis|Any CPU
		{A37A7E14-0000-0000-0000-000000000000}.Silverlight2|Mixed Platforms.Build.0 = Nsis|Any CPU
		{A37A7E14-0000-0000-0000-000000000000}.Silverlight2|Win32.ActiveCfg = Nsis|Any CPU
		{A37A7E14-0000-0000-0000-000000000000}.Silverlight2|x86.ActiveCfg = Nsis|Any CPU
		{A37A7E14-0000-0000-0000-000000000000}.StockDebug|Any CPU.ActiveCfg = Debug|Any CPU
		{A37A7E14-0000-0000-0000-000000000000}.StockDebug|Any CPU.Build.0 = Debug|Any CPU
		{A37A7E14-0000-0000-0000-000000000000}.StockDebug|Mixed Platforms.ActiveCfg = Debug|Any CPU
		{A37A7E14-0000-0000-0000-000000000000}.StockDebug|Mixed Platforms.Build.0 = Debug|Any CPU
		{A37A7E14-0000-0000-0000-000000000000}.StockDebug|Win32.ActiveCfg = Debug|Any CPU
		{A37A7E14-0000-0000-0000-000000000000}.StockDebug|x86.ActiveCfg = Debug|Any CPU
		{A37A7E14-0000-0000-0000-000000000000}.StockRelease|Any CPU.ActiveCfg = Release|Any CPU
		{A37A7E14-0000-0000-0000-000000000000}.StockRelease|Any CPU.Build.0 = Release|Any CPU
		{A37A7E14-0000-0000-0000-000000000000}.StockRelease|Mixed Platforms.ActiveCfg = Release|Any CPU
		{A37A7E14-0000-0000-0000-000000000000}.StockRelease|Mixed Platforms.Build.0 = Release|Any CPU
		{A37A7E14-0000-0000-0000-000000000000}.StockRelease|Win32.ActiveCfg = Release|Any CPU
		{A37A7E14-0000-0000-0000-000000000000}.StockRelease|x86.ActiveCfg = Release|Any CPU
		{031C8CFF-F147-44EA-B7E5-0A5644808A7E}.AutomatedRelease|Any CPU.ActiveCfg = Release|Any CPU
		{031C8CFF-F147-44EA-B7E5-0A5644808A7E}.AutomatedRelease|Any CPU.Build.0 = Release|Any CPU
		{031C8CFF-F147-44EA-B7E5-0A5644808A7E}.AutomatedRelease|Mixed Platforms.ActiveCfg = Release|Any CPU
		{031C8CFF-F147-44EA-B7E5-0A5644808A7E}.AutomatedRelease|Mixed Platforms.Build.0 = Release|Any CPU
		{031C8CFF-F147-44EA-B7E5-0A5644808A7E}.AutomatedRelease|Win32.ActiveCfg = Release|Any CPU
		{031C8CFF-F147-44EA-B7E5-0A5644808A7E}.AutomatedRelease|x86.ActiveCfg = Release|Any CPU
		{031C8CFF-F147-44EA-B7E5-0A5644808A7E}.Debug|Any CPU.ActiveCfg = Debug|Any CPU
		{031C8CFF-F147-44EA-B7E5-0A5644808A7E}.Debug|Any CPU.Build.0 = Debug|Any CPU
		{031C8CFF-F147-44EA-B7E5-0A5644808A7E}.Debug|Mixed Platforms.ActiveCfg = Debug|Any CPU
		{031C8CFF-F147-44EA-B7E5-0A5644808A7E}.Debug|Mixed Platforms.Build.0 = Debug|Any CPU
		{031C8CFF-F147-44EA-B7E5-0A5644808A7E}.Debug|Win32.ActiveCfg = Debug|Any CPU
		{031C8CFF-F147-44EA-B7E5-0A5644808A7E}.Debug|x86.ActiveCfg = Debug|Any CPU
		{031C8CFF-F147-44EA-B7E5-0A5644808A7E}.DebugSnk|Any CPU.ActiveCfg = Debug|Any CPU
		{031C8CFF-F147-44EA-B7E5-0A5644808A7E}.DebugSnk|Any CPU.Build.0 = Debug|Any CPU
		{031C8CFF-F147-44EA-B7E5-0A5644808A7E}.DebugSnk|Mixed Platforms.ActiveCfg = Debug|Any CPU
		{031C8CFF-F147-44EA-B7E5-0A5644808A7E}.DebugSnk|Mixed Platforms.Build.0 = Debug|Any CPU
		{031C8CFF-F147-44EA-B7E5-0A5644808A7E}.DebugSnk|Win32.ActiveCfg = Debug|Any CPU
		{031C8CFF-F147-44EA-B7E5-0A5644808A7E}.DebugSnk|x86.ActiveCfg = Debug|Any CPU
		{031C8CFF-F147-44EA-B7E5-0A5644808A7E}.Documentation|Any CPU.ActiveCfg = Debug|Any CPU
		{031C8CFF-F147-44EA-B7E5-0A5644808A7E}.Documentation|Any CPU.Build.0 = Debug|Any CPU
		{031C8CFF-F147-44EA-B7E5-0A5644808A7E}.Documentation|Mixed Platforms.ActiveCfg = Debug|Any CPU
		{031C8CFF-F147-44EA-B7E5-0A5644808A7E}.Documentation|Mixed Platforms.Build.0 = Debug|Any CPU
		{031C8CFF-F147-44EA-B7E5-0A5644808A7E}.Documentation|Win32.ActiveCfg = Debug|Any CPU
		{031C8CFF-F147-44EA-B7E5-0A5644808A7E}.Documentation|x86.ActiveCfg = Debug|Any CPU
		{031C8CFF-F147-44EA-B7E5-0A5644808A7E}.Net20|Any CPU.ActiveCfg = Release|Any CPU
		{031C8CFF-F147-44EA-B7E5-0A5644808A7E}.Net20|Any CPU.Build.0 = Release|Any CPU
		{031C8CFF-F147-44EA-B7E5-0A5644808A7E}.Net20|Mixed Platforms.ActiveCfg = Release|Any CPU
		{031C8CFF-F147-44EA-B7E5-0A5644808A7E}.Net20|Mixed Platforms.Build.0 = Release|Any CPU
		{031C8CFF-F147-44EA-B7E5-0A5644808A7E}.Net20|Win32.ActiveCfg = Release|Any CPU
		{031C8CFF-F147-44EA-B7E5-0A5644808A7E}.Net20|x86.ActiveCfg = Release|Any CPU
		{031C8CFF-F147-44EA-B7E5-0A5644808A7E}.Nsis|Any CPU.ActiveCfg = Release|Any CPU
		{031C8CFF-F147-44EA-B7E5-0A5644808A7E}.Nsis|Any CPU.Build.0 = Release|Any CPU
		{031C8CFF-F147-44EA-B7E5-0A5644808A7E}.Nsis|Mixed Platforms.ActiveCfg = Release|Any CPU
		{031C8CFF-F147-44EA-B7E5-0A5644808A7E}.Nsis|Mixed Platforms.Build.0 = Release|Any CPU
		{031C8CFF-F147-44EA-B7E5-0A5644808A7E}.Nsis|Win32.ActiveCfg = Release|Any CPU
		{031C8CFF-F147-44EA-B7E5-0A5644808A7E}.Nsis|x86.ActiveCfg = Release|Any CPU
		{031C8CFF-F147-44EA-B7E5-0A5644808A7E}.Profile|Any CPU.ActiveCfg = Release|Any CPU
		{031C8CFF-F147-44EA-B7E5-0A5644808A7E}.Profile|Any CPU.Build.0 = Release|Any CPU
		{031C8CFF-F147-44EA-B7E5-0A5644808A7E}.Profile|Mixed Platforms.ActiveCfg = Release|Any CPU
		{031C8CFF-F147-44EA-B7E5-0A5644808A7E}.Profile|Mixed Platforms.Build.0 = Release|Any CPU
		{031C8CFF-F147-44EA-B7E5-0A5644808A7E}.Profile|Win32.ActiveCfg = Release|Any CPU
		{031C8CFF-F147-44EA-B7E5-0A5644808A7E}.Profile|x86.ActiveCfg = Release|Any CPU
		{031C8CFF-F147-44EA-B7E5-0A5644808A7E}.Release|Any CPU.ActiveCfg = Release|Any CPU
		{031C8CFF-F147-44EA-B7E5-0A5644808A7E}.Release|Any CPU.Build.0 = Release|Any CPU
		{031C8CFF-F147-44EA-B7E5-0A5644808A7E}.Release|Mixed Platforms.ActiveCfg = Release|Any CPU
		{031C8CFF-F147-44EA-B7E5-0A5644808A7E}.Release|Mixed Platforms.Build.0 = Release|Any CPU
		{031C8CFF-F147-44EA-B7E5-0A5644808A7E}.Release|Win32.ActiveCfg = Release|Any CPU
		{031C8CFF-F147-44EA-B7E5-0A5644808A7E}.Release|x86.ActiveCfg = Release|Any CPU
		{031C8CFF-F147-44EA-B7E5-0A5644808A7E}.ReleaseSnk|Any CPU.ActiveCfg = Release|Any CPU
		{031C8CFF-F147-44EA-B7E5-0A5644808A7E}.ReleaseSnk|Any CPU.Build.0 = Release|Any CPU
		{031C8CFF-F147-44EA-B7E5-0A5644808A7E}.ReleaseSnk|Mixed Platforms.ActiveCfg = Release|Any CPU
		{031C8CFF-F147-44EA-B7E5-0A5644808A7E}.ReleaseSnk|Mixed Platforms.Build.0 = Release|Any CPU
		{031C8CFF-F147-44EA-B7E5-0A5644808A7E}.ReleaseSnk|Win32.ActiveCfg = Release|Any CPU
		{031C8CFF-F147-44EA-B7E5-0A5644808A7E}.ReleaseSnk|x86.ActiveCfg = Release|Any CPU
		{031C8CFF-F147-44EA-B7E5-0A5644808A7E}.Silverlight2|Any CPU.ActiveCfg = Release|Any CPU
		{031C8CFF-F147-44EA-B7E5-0A5644808A7E}.Silverlight2|Any CPU.Build.0 = Release|Any CPU
		{031C8CFF-F147-44EA-B7E5-0A5644808A7E}.Silverlight2|Mixed Platforms.ActiveCfg = Release|Any CPU
		{031C8CFF-F147-44EA-B7E5-0A5644808A7E}.Silverlight2|Mixed Platforms.Build.0 = Release|Any CPU
		{031C8CFF-F147-44EA-B7E5-0A5644808A7E}.Silverlight2|Win32.ActiveCfg = Release|Any CPU
		{031C8CFF-F147-44EA-B7E5-0A5644808A7E}.Silverlight2|x86.ActiveCfg = Release|Any CPU
		{031C8CFF-F147-44EA-B7E5-0A5644808A7E}.StockDebug|Any CPU.ActiveCfg = Debug|Any CPU
		{031C8CFF-F147-44EA-B7E5-0A5644808A7E}.StockDebug|Any CPU.Build.0 = Debug|Any CPU
		{031C8CFF-F147-44EA-B7E5-0A5644808A7E}.StockDebug|Mixed Platforms.ActiveCfg = Debug|Any CPU
		{031C8CFF-F147-44EA-B7E5-0A5644808A7E}.StockDebug|Mixed Platforms.Build.0 = Debug|Any CPU
		{031C8CFF-F147-44EA-B7E5-0A5644808A7E}.StockDebug|Win32.ActiveCfg = Debug|Any CPU
		{031C8CFF-F147-44EA-B7E5-0A5644808A7E}.StockDebug|x86.ActiveCfg = Debug|Any CPU
		{031C8CFF-F147-44EA-B7E5-0A5644808A7E}.StockRelease|Any CPU.ActiveCfg = Release|Any CPU
		{031C8CFF-F147-44EA-B7E5-0A5644808A7E}.StockRelease|Any CPU.Build.0 = Release|Any CPU
		{031C8CFF-F147-44EA-B7E5-0A5644808A7E}.StockRelease|Mixed Platforms.ActiveCfg = Release|Any CPU
		{031C8CFF-F147-44EA-B7E5-0A5644808A7E}.StockRelease|Mixed Platforms.Build.0 = Release|Any CPU
		{031C8CFF-F147-44EA-B7E5-0A5644808A7E}.StockRelease|Win32.ActiveCfg = Release|Any CPU
		{031C8CFF-F147-44EA-B7E5-0A5644808A7E}.StockRelease|x86.ActiveCfg = Release|Any CPU
		{D0C83979-A672-4C06-99BC-B82D81749405}.AutomatedRelease|Any CPU.ActiveCfg = Debug|Any CPU
		{D0C83979-A672-4C06-99BC-B82D81749405}.AutomatedRelease|Any CPU.Build.0 = Debug|Any CPU
		{D0C83979-A672-4C06-99BC-B82D81749405}.AutomatedRelease|Mixed Platforms.ActiveCfg = Debug|Any CPU
		{D0C83979-A672-4C06-99BC-B82D81749405}.AutomatedRelease|Mixed Platforms.Build.0 = Debug|Any CPU
		{D0C83979-A672-4C06-99BC-B82D81749405}.AutomatedRelease|Win32.ActiveCfg = Debug|Any CPU
		{D0C83979-A672-4C06-99BC-B82D81749405}.AutomatedRelease|Win32.Build.0 = Debug|Any CPU
		{D0C83979-A672-4C06-99BC-B82D81749405}.AutomatedRelease|x86.ActiveCfg = Debug|Any CPU
		{D0C83979-A672-4C06-99BC-B82D81749405}.AutomatedRelease|x86.Build.0 = Debug|Any CPU
		{D0C83979-A672-4C06-99BC-B82D81749405}.Debug|Any CPU.ActiveCfg = Debug|Any CPU
		{D0C83979-A672-4C06-99BC-B82D81749405}.Debug|Any CPU.Build.0 = Debug|Any CPU
		{D0C83979-A672-4C06-99BC-B82D81749405}.Debug|Mixed Platforms.ActiveCfg = Debug|Any CPU
		{D0C83979-A672-4C06-99BC-B82D81749405}.Debug|Mixed Platforms.Build.0 = Debug|Any CPU
		{D0C83979-A672-4C06-99BC-B82D81749405}.Debug|Win32.ActiveCfg = Debug|Any CPU
		{D0C83979-A672-4C06-99BC-B82D81749405}.Debug|Win32.Build.0 = Debug|Any CPU
		{D0C83979-A672-4C06-99BC-B82D81749405}.Debug|x86.ActiveCfg = Debug|Any CPU
		{D0C83979-A672-4C06-99BC-B82D81749405}.Debug|x86.Build.0 = Debug|Any CPU
		{D0C83979-A672-4C06-99BC-B82D81749405}.DebugSnk|Any CPU.ActiveCfg = Debug|Any CPU
		{D0C83979-A672-4C06-99BC-B82D81749405}.DebugSnk|Any CPU.Build.0 = Debug|Any CPU
		{D0C83979-A672-4C06-99BC-B82D81749405}.DebugSnk|Mixed Platforms.ActiveCfg = Debug|Any CPU
		{D0C83979-A672-4C06-99BC-B82D81749405}.DebugSnk|Mixed Platforms.Build.0 = Debug|Any CPU
		{D0C83979-A672-4C06-99BC-B82D81749405}.DebugSnk|Win32.ActiveCfg = Debug|Any CPU
		{D0C83979-A672-4C06-99BC-B82D81749405}.DebugSnk|x86.ActiveCfg = Debug|Any CPU
		{D0C83979-A672-4C06-99BC-B82D81749405}.Documentation|Any CPU.ActiveCfg = Debug|Any CPU
		{D0C83979-A672-4C06-99BC-B82D81749405}.Documentation|Any CPU.Build.0 = Debug|Any CPU
		{D0C83979-A672-4C06-99BC-B82D81749405}.Documentation|Mixed Platforms.ActiveCfg = Debug|Any CPU
		{D0C83979-A672-4C06-99BC-B82D81749405}.Documentation|Mixed Platforms.Build.0 = Debug|Any CPU
		{D0C83979-A672-4C06-99BC-B82D81749405}.Documentation|Win32.ActiveCfg = Debug|Any CPU
		{D0C83979-A672-4C06-99BC-B82D81749405}.Documentation|Win32.Build.0 = Debug|Any CPU
		{D0C83979-A672-4C06-99BC-B82D81749405}.Documentation|x86.ActiveCfg = Debug|Any CPU
		{D0C83979-A672-4C06-99BC-B82D81749405}.Documentation|x86.Build.0 = Debug|Any CPU
		{D0C83979-A672-4C06-99BC-B82D81749405}.Net20|Any CPU.ActiveCfg = Release|Any CPU
		{D0C83979-A672-4C06-99BC-B82D81749405}.Net20|Any CPU.Build.0 = Release|Any CPU
		{D0C83979-A672-4C06-99BC-B82D81749405}.Net20|Mixed Platforms.ActiveCfg = Release|Any CPU
		{D0C83979-A672-4C06-99BC-B82D81749405}.Net20|Mixed Platforms.Build.0 = Release|Any CPU
		{D0C83979-A672-4C06-99BC-B82D81749405}.Net20|Win32.ActiveCfg = Release|Any CPU
		{D0C83979-A672-4C06-99BC-B82D81749405}.Net20|x86.ActiveCfg = Release|Any CPU
		{D0C83979-A672-4C06-99BC-B82D81749405}.Nsis|Any CPU.ActiveCfg = Debug|Any CPU
		{D0C83979-A672-4C06-99BC-B82D81749405}.Nsis|Any CPU.Build.0 = Debug|Any CPU
		{D0C83979-A672-4C06-99BC-B82D81749405}.Nsis|Mixed Platforms.ActiveCfg = Debug|Any CPU
		{D0C83979-A672-4C06-99BC-B82D81749405}.Nsis|Mixed Platforms.Build.0 = Debug|Any CPU
		{D0C83979-A672-4C06-99BC-B82D81749405}.Nsis|Win32.ActiveCfg = Debug|Any CPU
		{D0C83979-A672-4C06-99BC-B82D81749405}.Nsis|Win32.Build.0 = Debug|Any CPU
		{D0C83979-A672-4C06-99BC-B82D81749405}.Nsis|x86.ActiveCfg = Debug|Any CPU
		{D0C83979-A672-4C06-99BC-B82D81749405}.Nsis|x86.Build.0 = Debug|Any CPU
		{D0C83979-A672-4C06-99BC-B82D81749405}.Profile|Any CPU.ActiveCfg = Release|Any CPU
		{D0C83979-A672-4C06-99BC-B82D81749405}.Profile|Any CPU.Build.0 = Release|Any CPU
		{D0C83979-A672-4C06-99BC-B82D81749405}.Profile|Mixed Platforms.ActiveCfg = Release|Any CPU
		{D0C83979-A672-4C06-99BC-B82D81749405}.Profile|Mixed Platforms.Build.0 = Release|Any CPU
		{D0C83979-A672-4C06-99BC-B82D81749405}.Profile|Win32.ActiveCfg = Release|Any CPU
		{D0C83979-A672-4C06-99BC-B82D81749405}.Profile|x86.ActiveCfg = Release|Any CPU
		{D0C83979-A672-4C06-99BC-B82D81749405}.Release|Any CPU.ActiveCfg = Release|Any CPU
		{D0C83979-A672-4C06-99BC-B82D81749405}.Release|Any CPU.Build.0 = Release|Any CPU
		{D0C83979-A672-4C06-99BC-B82D81749405}.Release|Mixed Platforms.ActiveCfg = Release|Any CPU
		{D0C83979-A672-4C06-99BC-B82D81749405}.Release|Mixed Platforms.Build.0 = Release|Any CPU
		{D0C83979-A672-4C06-99BC-B82D81749405}.Release|Win32.ActiveCfg = Release|Any CPU
		{D0C83979-A672-4C06-99BC-B82D81749405}.Release|Win32.Build.0 = Release|Any CPU
		{D0C83979-A672-4C06-99BC-B82D81749405}.Release|x86.ActiveCfg = Release|Any CPU
		{D0C83979-A672-4C06-99BC-B82D81749405}.Release|x86.Build.0 = Release|Any CPU
		{D0C83979-A672-4C06-99BC-B82D81749405}.ReleaseSnk|Any CPU.ActiveCfg = Release|Any CPU
		{D0C83979-A672-4C06-99BC-B82D81749405}.ReleaseSnk|Any CPU.Build.0 = Release|Any CPU
		{D0C83979-A672-4C06-99BC-B82D81749405}.ReleaseSnk|Mixed Platforms.ActiveCfg = Release|Any CPU
		{D0C83979-A672-4C06-99BC-B82D81749405}.ReleaseSnk|Mixed Platforms.Build.0 = Release|Any CPU
		{D0C83979-A672-4C06-99BC-B82D81749405}.ReleaseSnk|Win32.ActiveCfg = Release|Any CPU
		{D0C83979-A672-4C06-99BC-B82D81749405}.ReleaseSnk|x86.ActiveCfg = Release|Any CPU
		{D0C83979-A672-4C06-99BC-B82D81749405}.Silverlight2|Any CPU.ActiveCfg = Release|Any CPU
		{D0C83979-A672-4C06-99BC-B82D81749405}.Silverlight2|Any CPU.Build.0 = Release|Any CPU
		{D0C83979-A672-4C06-99BC-B82D81749405}.Silverlight2|Mixed Platforms.ActiveCfg = Release|Any CPU
		{D0C83979-A672-4C06-99BC-B82D81749405}.Silverlight2|Mixed Platforms.Build.0 = Release|Any CPU
		{D0C83979-A672-4C06-99BC-B82D81749405}.Silverlight2|Win32.ActiveCfg = Release|Any CPU
		{D0C83979-A672-4C06-99BC-B82D81749405}.Silverlight2|x86.ActiveCfg = Release|Any CPU
		{D0C83979-A672-4C06-99BC-B82D81749405}.StockDebug|Any CPU.ActiveCfg = Debug|Any CPU
		{D0C83979-A672-4C06-99BC-B82D81749405}.StockDebug|Any CPU.Build.0 = Debug|Any CPU
		{D0C83979-A672-4C06-99BC-B82D81749405}.StockDebug|Mixed Platforms.ActiveCfg = Debug|Any CPU
		{D0C83979-A672-4C06-99BC-B82D81749405}.StockDebug|Mixed Platforms.Build.0 = Debug|Any CPU
		{D0C83979-A672-4C06-99BC-B82D81749405}.StockDebug|Win32.ActiveCfg = Debug|Any CPU
		{D0C83979-A672-4C06-99BC-B82D81749405}.StockDebug|x86.ActiveCfg = Debug|Any CPU
		{D0C83979-A672-4C06-99BC-B82D81749405}.StockRelease|Any CPU.ActiveCfg = Release|Any CPU
		{D0C83979-A672-4C06-99BC-B82D81749405}.StockRelease|Any CPU.Build.0 = Release|Any CPU
		{D0C83979-A672-4C06-99BC-B82D81749405}.StockRelease|Mixed Platforms.ActiveCfg = Release|Any CPU
		{D0C83979-A672-4C06-99BC-B82D81749405}.StockRelease|Mixed Platforms.Build.0 = Release|Any CPU
		{D0C83979-A672-4C06-99BC-B82D81749405}.StockRelease|Win32.ActiveCfg = Release|Any CPU
		{D0C83979-A672-4C06-99BC-B82D81749405}.StockRelease|x86.ActiveCfg = Release|Any CPU
		{CB5903E1-6E50-4813-B16B-5B7C8009F38D}.AutomatedRelease|Any CPU.ActiveCfg = Debug|Any CPU
		{CB5903E1-6E50-4813-B16B-5B7C8009F38D}.AutomatedRelease|Any CPU.Build.0 = Debug|Any CPU
		{CB5903E1-6E50-4813-B16B-5B7C8009F38D}.AutomatedRelease|Mixed Platforms.ActiveCfg = Debug|Any CPU
		{CB5903E1-6E50-4813-B16B-5B7C8009F38D}.AutomatedRelease|Mixed Platforms.Build.0 = Debug|Any CPU
		{CB5903E1-6E50-4813-B16B-5B7C8009F38D}.AutomatedRelease|Win32.ActiveCfg = Debug|Any CPU
		{CB5903E1-6E50-4813-B16B-5B7C8009F38D}.AutomatedRelease|Win32.Build.0 = Debug|Any CPU
		{CB5903E1-6E50-4813-B16B-5B7C8009F38D}.AutomatedRelease|x86.ActiveCfg = Debug|Any CPU
		{CB5903E1-6E50-4813-B16B-5B7C8009F38D}.AutomatedRelease|x86.Build.0 = Debug|Any CPU
		{CB5903E1-6E50-4813-B16B-5B7C8009F38D}.Debug|Any CPU.ActiveCfg = Debug|Any CPU
		{CB5903E1-6E50-4813-B16B-5B7C8009F38D}.Debug|Any CPU.Build.0 = Debug|Any CPU
		{CB5903E1-6E50-4813-B16B-5B7C8009F38D}.Debug|Mixed Platforms.ActiveCfg = Debug|Any CPU
		{CB5903E1-6E50-4813-B16B-5B7C8009F38D}.Debug|Mixed Platforms.Build.0 = Debug|Any CPU
		{CB5903E1-6E50-4813-B16B-5B7C8009F38D}.Debug|Win32.ActiveCfg = Debug|Any CPU
		{CB5903E1-6E50-4813-B16B-5B7C8009F38D}.Debug|Win32.Build.0 = Debug|Any CPU
		{CB5903E1-6E50-4813-B16B-5B7C8009F38D}.Debug|x86.ActiveCfg = Debug|Any CPU
		{CB5903E1-6E50-4813-B16B-5B7C8009F38D}.Debug|x86.Build.0 = Debug|Any CPU
		{CB5903E1-6E50-4813-B16B-5B7C8009F38D}.DebugSnk|Any CPU.ActiveCfg = Debug|Any CPU
		{CB5903E1-6E50-4813-B16B-5B7C8009F38D}.DebugSnk|Any CPU.Build.0 = Debug|Any CPU
		{CB5903E1-6E50-4813-B16B-5B7C8009F38D}.DebugSnk|Mixed Platforms.ActiveCfg = Debug|Any CPU
		{CB5903E1-6E50-4813-B16B-5B7C8009F38D}.DebugSnk|Mixed Platforms.Build.0 = Debug|Any CPU
		{CB5903E1-6E50-4813-B16B-5B7C8009F38D}.DebugSnk|Win32.ActiveCfg = Debug|Any CPU
		{CB5903E1-6E50-4813-B16B-5B7C8009F38D}.DebugSnk|x86.ActiveCfg = Debug|Any CPU
		{CB5903E1-6E50-4813-B16B-5B7C8009F38D}.Documentation|Any CPU.ActiveCfg = Debug|Any CPU
		{CB5903E1-6E50-4813-B16B-5B7C8009F38D}.Documentation|Any CPU.Build.0 = Debug|Any CPU
		{CB5903E1-6E50-4813-B16B-5B7C8009F38D}.Documentation|Mixed Platforms.ActiveCfg = Debug|Any CPU
		{CB5903E1-6E50-4813-B16B-5B7C8009F38D}.Documentation|Mixed Platforms.Build.0 = Debug|Any CPU
		{CB5903E1-6E50-4813-B16B-5B7C8009F38D}.Documentation|Win32.ActiveCfg = Debug|Any CPU
		{CB5903E1-6E50-4813-B16B-5B7C8009F38D}.Documentation|Win32.Build.0 = Debug|Any CPU
		{CB5903E1-6E50-4813-B16B-5B7C8009F38D}.Documentation|x86.ActiveCfg = Debug|Any CPU
		{CB5903E1-6E50-4813-B16B-5B7C8009F38D}.Documentation|x86.Build.0 = Debug|Any CPU
		{CB5903E1-6E50-4813-B16B-5B7C8009F38D}.Net20|Any CPU.ActiveCfg = Release|Any CPU
		{CB5903E1-6E50-4813-B16B-5B7C8009F38D}.Net20|Any CPU.Build.0 = Release|Any CPU
		{CB5903E1-6E50-4813-B16B-5B7C8009F38D}.Net20|Mixed Platforms.ActiveCfg = Release|Any CPU
		{CB5903E1-6E50-4813-B16B-5B7C8009F38D}.Net20|Mixed Platforms.Build.0 = Release|Any CPU
		{CB5903E1-6E50-4813-B16B-5B7C8009F38D}.Net20|Win32.ActiveCfg = Release|Any CPU
		{CB5903E1-6E50-4813-B16B-5B7C8009F38D}.Net20|x86.ActiveCfg = Release|Any CPU
		{CB5903E1-6E50-4813-B16B-5B7C8009F38D}.Nsis|Any CPU.ActiveCfg = Debug|Any CPU
		{CB5903E1-6E50-4813-B16B-5B7C8009F38D}.Nsis|Any CPU.Build.0 = Debug|Any CPU
		{CB5903E1-6E50-4813-B16B-5B7C8009F38D}.Nsis|Mixed Platforms.ActiveCfg = Debug|Any CPU
		{CB5903E1-6E50-4813-B16B-5B7C8009F38D}.Nsis|Mixed Platforms.Build.0 = Debug|Any CPU
		{CB5903E1-6E50-4813-B16B-5B7C8009F38D}.Nsis|Win32.ActiveCfg = Debug|Any CPU
		{CB5903E1-6E50-4813-B16B-5B7C8009F38D}.Nsis|Win32.Build.0 = Debug|Any CPU
		{CB5903E1-6E50-4813-B16B-5B7C8009F38D}.Nsis|x86.ActiveCfg = Debug|Any CPU
		{CB5903E1-6E50-4813-B16B-5B7C8009F38D}.Nsis|x86.Build.0 = Debug|Any CPU
		{CB5903E1-6E50-4813-B16B-5B7C8009F38D}.Profile|Any CPU.ActiveCfg = Release|Any CPU
		{CB5903E1-6E50-4813-B16B-5B7C8009F38D}.Profile|Any CPU.Build.0 = Release|Any CPU
		{CB5903E1-6E50-4813-B16B-5B7C8009F38D}.Profile|Mixed Platforms.ActiveCfg = Release|Any CPU
		{CB5903E1-6E50-4813-B16B-5B7C8009F38D}.Profile|Mixed Platforms.Build.0 = Release|Any CPU
		{CB5903E1-6E50-4813-B16B-5B7C8009F38D}.Profile|Win32.ActiveCfg = Release|Any CPU
		{CB5903E1-6E50-4813-B16B-5B7C8009F38D}.Profile|x86.ActiveCfg = Release|Any CPU
		{CB5903E1-6E50-4813-B16B-5B7C8009F38D}.Release|Any CPU.ActiveCfg = Release|Any CPU
		{CB5903E1-6E50-4813-B16B-5B7C8009F38D}.Release|Any CPU.Build.0 = Release|Any CPU
		{CB5903E1-6E50-4813-B16B-5B7C8009F38D}.Release|Mixed Platforms.ActiveCfg = Release|Any CPU
		{CB5903E1-6E50-4813-B16B-5B7C8009F38D}.Release|Mixed Platforms.Build.0 = Release|Any CPU
		{CB5903E1-6E50-4813-B16B-5B7C8009F38D}.Release|Win32.ActiveCfg = Release|Any CPU
		{CB5903E1-6E50-4813-B16B-5B7C8009F38D}.Release|Win32.Build.0 = Release|Any CPU
		{CB5903E1-6E50-4813-B16B-5B7C8009F38D}.Release|x86.ActiveCfg = Release|Any CPU
		{CB5903E1-6E50-4813-B16B-5B7C8009F38D}.Release|x86.Build.0 = Release|Any CPU
		{CB5903E1-6E50-4813-B16B-5B7C8009F38D}.ReleaseSnk|Any CPU.ActiveCfg = Release|Any CPU
		{CB5903E1-6E50-4813-B16B-5B7C8009F38D}.ReleaseSnk|Any CPU.Build.0 = Release|Any CPU
		{CB5903E1-6E50-4813-B16B-5B7C8009F38D}.ReleaseSnk|Mixed Platforms.ActiveCfg = Release|Any CPU
		{CB5903E1-6E50-4813-B16B-5B7C8009F38D}.ReleaseSnk|Mixed Platforms.Build.0 = Release|Any CPU
		{CB5903E1-6E50-4813-B16B-5B7C8009F38D}.ReleaseSnk|Win32.ActiveCfg = Release|Any CPU
		{CB5903E1-6E50-4813-B16B-5B7C8009F38D}.ReleaseSnk|x86.ActiveCfg = Release|Any CPU
		{CB5903E1-6E50-4813-B16B-5B7C8009F38D}.Silverlight2|Any CPU.ActiveCfg = Release|Any CPU
		{CB5903E1-6E50-4813-B16B-5B7C8009F38D}.Silverlight2|Any CPU.Build.0 = Release|Any CPU
		{CB5903E1-6E50-4813-B16B-5B7C8009F38D}.Silverlight2|Mixed Platforms.ActiveCfg = Release|Any CPU
		{CB5903E1-6E50-4813-B16B-5B7C8009F38D}.Silverlight2|Mixed Platforms.Build.0 = Release|Any CPU
		{CB5903E1-6E50-4813-B16B-5B7C8009F38D}.Silverlight2|Win32.ActiveCfg = Release|Any CPU
		{CB5903E1-6E50-4813-B16B-5B7C8009F38D}.Silverlight2|x86.ActiveCfg = Release|Any CPU
		{CB5903E1-6E50-4813-B16B-5B7C8009F38D}.StockDebug|Any CPU.ActiveCfg = Debug|Any CPU
		{CB5903E1-6E50-4813-B16B-5B7C8009F38D}.StockDebug|Any CPU.Build.0 = Debug|Any CPU
		{CB5903E1-6E50-4813-B16B-5B7C8009F38D}.StockDebug|Mixed Platforms.ActiveCfg = Debug|Any CPU
		{CB5903E1-6E50-4813-B16B-5B7C8009F38D}.StockDebug|Mixed Platforms.Build.0 = Debug|Any CPU
		{CB5903E1-6E50-4813-B16B-5B7C8009F38D}.StockDebug|Win32.ActiveCfg = Debug|Any CPU
		{CB5903E1-6E50-4813-B16B-5B7C8009F38D}.StockDebug|x86.ActiveCfg = Debug|Any CPU
		{CB5903E1-6E50-4813-B16B-5B7C8009F38D}.StockRelease|Any CPU.ActiveCfg = Release|Any CPU
		{CB5903E1-6E50-4813-B16B-5B7C8009F38D}.StockRelease|Any CPU.Build.0 = Release|Any CPU
		{CB5903E1-6E50-4813-B16B-5B7C8009F38D}.StockRelease|Mixed Platforms.ActiveCfg = Release|Any CPU
		{CB5903E1-6E50-4813-B16B-5B7C8009F38D}.StockRelease|Mixed Platforms.Build.0 = Release|Any CPU
		{CB5903E1-6E50-4813-B16B-5B7C8009F38D}.StockRelease|Win32.ActiveCfg = Release|Any CPU
		{CB5903E1-6E50-4813-B16B-5B7C8009F38D}.StockRelease|x86.ActiveCfg = Release|Any CPU
		{AE483C29-042E-4226-BA52-D247CE7676DA}.AutomatedRelease|Any CPU.ActiveCfg = Release|Any CPU
		{AE483C29-042E-4226-BA52-D247CE7676DA}.AutomatedRelease|Any CPU.Build.0 = Release|Any CPU
		{AE483C29-042E-4226-BA52-D247CE7676DA}.AutomatedRelease|Mixed Platforms.ActiveCfg = Release|Any CPU
		{AE483C29-042E-4226-BA52-D247CE7676DA}.AutomatedRelease|Mixed Platforms.Build.0 = Release|Any CPU
		{AE483C29-042E-4226-BA52-D247CE7676DA}.AutomatedRelease|Win32.ActiveCfg = Release|Any CPU
		{AE483C29-042E-4226-BA52-D247CE7676DA}.AutomatedRelease|x86.ActiveCfg = Release|Any CPU
		{AE483C29-042E-4226-BA52-D247CE7676DA}.Debug|Any CPU.ActiveCfg = Debug|Any CPU
		{AE483C29-042E-4226-BA52-D247CE7676DA}.Debug|Any CPU.Build.0 = Debug|Any CPU
		{AE483C29-042E-4226-BA52-D247CE7676DA}.Debug|Mixed Platforms.ActiveCfg = Debug|Any CPU
		{AE483C29-042E-4226-BA52-D247CE7676DA}.Debug|Mixed Platforms.Build.0 = Debug|Any CPU
		{AE483C29-042E-4226-BA52-D247CE7676DA}.Debug|Win32.ActiveCfg = Debug|Any CPU
		{AE483C29-042E-4226-BA52-D247CE7676DA}.Debug|x86.ActiveCfg = Debug|Any CPU
		{AE483C29-042E-4226-BA52-D247CE7676DA}.DebugSnk|Any CPU.ActiveCfg = Debug|Any CPU
		{AE483C29-042E-4226-BA52-D247CE7676DA}.DebugSnk|Any CPU.Build.0 = Debug|Any CPU
		{AE483C29-042E-4226-BA52-D247CE7676DA}.DebugSnk|Mixed Platforms.ActiveCfg = Debug|Any CPU
		{AE483C29-042E-4226-BA52-D247CE7676DA}.DebugSnk|Mixed Platforms.Build.0 = Debug|Any CPU
		{AE483C29-042E-4226-BA52-D247CE7676DA}.DebugSnk|Win32.ActiveCfg = Debug|Any CPU
		{AE483C29-042E-4226-BA52-D247CE7676DA}.DebugSnk|x86.ActiveCfg = Debug|Any CPU
		{AE483C29-042E-4226-BA52-D247CE7676DA}.Documentation|Any CPU.ActiveCfg = Debug|Any CPU
		{AE483C29-042E-4226-BA52-D247CE7676DA}.Documentation|Any CPU.Build.0 = Debug|Any CPU
		{AE483C29-042E-4226-BA52-D247CE7676DA}.Documentation|Mixed Platforms.ActiveCfg = Debug|Any CPU
		{AE483C29-042E-4226-BA52-D247CE7676DA}.Documentation|Mixed Platforms.Build.0 = Debug|Any CPU
		{AE483C29-042E-4226-BA52-D247CE7676DA}.Documentation|Win32.ActiveCfg = Debug|Any CPU
		{AE483C29-042E-4226-BA52-D247CE7676DA}.Documentation|x86.ActiveCfg = Debug|Any CPU
		{AE483C29-042E-4226-BA52-D247CE7676DA}.Net20|Any CPU.ActiveCfg = Release|Any CPU
		{AE483C29-042E-4226-BA52-D247CE7676DA}.Net20|Any CPU.Build.0 = Release|Any CPU
		{AE483C29-042E-4226-BA52-D247CE7676DA}.Net20|Mixed Platforms.ActiveCfg = Release|Any CPU
		{AE483C29-042E-4226-BA52-D247CE7676DA}.Net20|Mixed Platforms.Build.0 = Release|Any CPU
		{AE483C29-042E-4226-BA52-D247CE7676DA}.Net20|Win32.ActiveCfg = Release|Any CPU
		{AE483C29-042E-4226-BA52-D247CE7676DA}.Net20|x86.ActiveCfg = Release|Any CPU
		{AE483C29-042E-4226-BA52-D247CE7676DA}.Nsis|Any CPU.ActiveCfg = Release|Any CPU
		{AE483C29-042E-4226-BA52-D247CE7676DA}.Nsis|Any CPU.Build.0 = Release|Any CPU
		{AE483C29-042E-4226-BA52-D247CE7676DA}.Nsis|Mixed Platforms.ActiveCfg = Release|Any CPU
		{AE483C29-042E-4226-BA52-D247CE7676DA}.Nsis|Mixed Platforms.Build.0 = Release|Any CPU
		{AE483C29-042E-4226-BA52-D247CE7676DA}.Nsis|Win32.ActiveCfg = Release|Any CPU
		{AE483C29-042E-4226-BA52-D247CE7676DA}.Nsis|x86.ActiveCfg = Release|Any CPU
		{AE483C29-042E-4226-BA52-D247CE7676DA}.Profile|Any CPU.ActiveCfg = Release|Any CPU
		{AE483C29-042E-4226-BA52-D247CE7676DA}.Profile|Any CPU.Build.0 = Release|Any CPU
		{AE483C29-042E-4226-BA52-D247CE7676DA}.Profile|Mixed Platforms.ActiveCfg = Release|Any CPU
		{AE483C29-042E-4226-BA52-D247CE7676DA}.Profile|Mixed Platforms.Build.0 = Release|Any CPU
		{AE483C29-042E-4226-BA52-D247CE7676DA}.Profile|Win32.ActiveCfg = Release|Any CPU
		{AE483C29-042E-4226-BA52-D247CE7676DA}.Profile|x86.ActiveCfg = Release|Any CPU
		{AE483C29-042E-4226-BA52-D247CE7676DA}.Release|Any CPU.ActiveCfg = Release|Any CPU
		{AE483C29-042E-4226-BA52-D247CE7676DA}.Release|Any CPU.Build.0 = Release|Any CPU
		{AE483C29-042E-4226-BA52-D247CE7676DA}.Release|Mixed Platforms.ActiveCfg = Release|Any CPU
		{AE483C29-042E-4226-BA52-D247CE7676DA}.Release|Mixed Platforms.Build.0 = Release|Any CPU
		{AE483C29-042E-4226-BA52-D247CE7676DA}.Release|Win32.ActiveCfg = Release|Any CPU
		{AE483C29-042E-4226-BA52-D247CE7676DA}.Release|x86.ActiveCfg = Release|Any CPU
		{AE483C29-042E-4226-BA52-D247CE7676DA}.ReleaseSnk|Any CPU.ActiveCfg = Release|Any CPU
		{AE483C29-042E-4226-BA52-D247CE7676DA}.ReleaseSnk|Any CPU.Build.0 = Release|Any CPU
		{AE483C29-042E-4226-BA52-D247CE7676DA}.ReleaseSnk|Mixed Platforms.ActiveCfg = Release|Any CPU
		{AE483C29-042E-4226-BA52-D247CE7676DA}.ReleaseSnk|Mixed Platforms.Build.0 = Release|Any CPU
		{AE483C29-042E-4226-BA52-D247CE7676DA}.ReleaseSnk|Win32.ActiveCfg = Release|Any CPU
		{AE483C29-042E-4226-BA52-D247CE7676DA}.ReleaseSnk|x86.ActiveCfg = Release|Any CPU
		{AE483C29-042E-4226-BA52-D247CE7676DA}.Silverlight2|Any CPU.ActiveCfg = Release|Any CPU
		{AE483C29-042E-4226-BA52-D247CE7676DA}.Silverlight2|Any CPU.Build.0 = Release|Any CPU
		{AE483C29-042E-4226-BA52-D247CE7676DA}.Silverlight2|Mixed Platforms.ActiveCfg = Release|Any CPU
		{AE483C29-042E-4226-BA52-D247CE7676DA}.Silverlight2|Mixed Platforms.Build.0 = Release|Any CPU
		{AE483C29-042E-4226-BA52-D247CE7676DA}.Silverlight2|Win32.ActiveCfg = Release|Any CPU
		{AE483C29-042E-4226-BA52-D247CE7676DA}.Silverlight2|x86.ActiveCfg = Release|Any CPU
		{AE483C29-042E-4226-BA52-D247CE7676DA}.StockDebug|Any CPU.ActiveCfg = Debug|Any CPU
		{AE483C29-042E-4226-BA52-D247CE7676DA}.StockDebug|Any CPU.Build.0 = Debug|Any CPU
		{AE483C29-042E-4226-BA52-D247CE7676DA}.StockDebug|Mixed Platforms.ActiveCfg = Debug|Any CPU
		{AE483C29-042E-4226-BA52-D247CE7676DA}.StockDebug|Mixed Platforms.Build.0 = Debug|Any CPU
		{AE483C29-042E-4226-BA52-D247CE7676DA}.StockDebug|Win32.ActiveCfg = Debug|Any CPU
		{AE483C29-042E-4226-BA52-D247CE7676DA}.StockDebug|x86.ActiveCfg = Debug|Any CPU
		{AE483C29-042E-4226-BA52-D247CE7676DA}.StockRelease|Any CPU.ActiveCfg = Release|Any CPU
		{AE483C29-042E-4226-BA52-D247CE7676DA}.StockRelease|Any CPU.Build.0 = Release|Any CPU
		{AE483C29-042E-4226-BA52-D247CE7676DA}.StockRelease|Mixed Platforms.ActiveCfg = Release|Any CPU
		{AE483C29-042E-4226-BA52-D247CE7676DA}.StockRelease|Mixed Platforms.Build.0 = Release|Any CPU
		{AE483C29-042E-4226-BA52-D247CE7676DA}.StockRelease|Win32.ActiveCfg = Release|Any CPU
		{AE483C29-042E-4226-BA52-D247CE7676DA}.StockRelease|x86.ActiveCfg = Release|Any CPU
		{8374E4D7-2A91-48F1-9360-09B09CF27C3F}.AutomatedRelease|Any CPU.ActiveCfg = Release|Any CPU
		{8374E4D7-2A91-48F1-9360-09B09CF27C3F}.AutomatedRelease|Any CPU.Build.0 = Release|Any CPU
		{8374E4D7-2A91-48F1-9360-09B09CF27C3F}.AutomatedRelease|Mixed Platforms.ActiveCfg = Release|Any CPU
		{8374E4D7-2A91-48F1-9360-09B09CF27C3F}.AutomatedRelease|Mixed Platforms.Build.0 = Release|Any CPU
		{8374E4D7-2A91-48F1-9360-09B09CF27C3F}.AutomatedRelease|Win32.ActiveCfg = Release|Any CPU
		{8374E4D7-2A91-48F1-9360-09B09CF27C3F}.AutomatedRelease|x86.ActiveCfg = Release|Any CPU
		{8374E4D7-2A91-48F1-9360-09B09CF27C3F}.Debug|Any CPU.ActiveCfg = Debug|Any CPU
		{8374E4D7-2A91-48F1-9360-09B09CF27C3F}.Debug|Any CPU.Build.0 = Debug|Any CPU
		{8374E4D7-2A91-48F1-9360-09B09CF27C3F}.Debug|Mixed Platforms.ActiveCfg = Debug|Any CPU
		{8374E4D7-2A91-48F1-9360-09B09CF27C3F}.Debug|Mixed Platforms.Build.0 = Debug|Any CPU
		{8374E4D7-2A91-48F1-9360-09B09CF27C3F}.Debug|Win32.ActiveCfg = Debug|Any CPU
		{8374E4D7-2A91-48F1-9360-09B09CF27C3F}.Debug|x86.ActiveCfg = Debug|Any CPU
		{8374E4D7-2A91-48F1-9360-09B09CF27C3F}.DebugSnk|Any CPU.ActiveCfg = Debug|Any CPU
		{8374E4D7-2A91-48F1-9360-09B09CF27C3F}.DebugSnk|Any CPU.Build.0 = Debug|Any CPU
		{8374E4D7-2A91-48F1-9360-09B09CF27C3F}.DebugSnk|Mixed Platforms.ActiveCfg = Debug|Any CPU
		{8374E4D7-2A91-48F1-9360-09B09CF27C3F}.DebugSnk|Mixed Platforms.Build.0 = Debug|Any CPU
		{8374E4D7-2A91-48F1-9360-09B09CF27C3F}.DebugSnk|Win32.ActiveCfg = Debug|Any CPU
		{8374E4D7-2A91-48F1-9360-09B09CF27C3F}.DebugSnk|x86.ActiveCfg = Debug|Any CPU
		{8374E4D7-2A91-48F1-9360-09B09CF27C3F}.Documentation|Any CPU.ActiveCfg = Debug|Any CPU
		{8374E4D7-2A91-48F1-9360-09B09CF27C3F}.Documentation|Any CPU.Build.0 = Debug|Any CPU
		{8374E4D7-2A91-48F1-9360-09B09CF27C3F}.Documentation|Mixed Platforms.ActiveCfg = Debug|Any CPU
		{8374E4D7-2A91-48F1-9360-09B09CF27C3F}.Documentation|Mixed Platforms.Build.0 = Debug|Any CPU
		{8374E4D7-2A91-48F1-9360-09B09CF27C3F}.Documentation|Win32.ActiveCfg = Debug|Any CPU
		{8374E4D7-2A91-48F1-9360-09B09CF27C3F}.Documentation|x86.ActiveCfg = Debug|Any CPU
		{8374E4D7-2A91-48F1-9360-09B09CF27C3F}.Net20|Any CPU.ActiveCfg = Net20|Any CPU
		{8374E4D7-2A91-48F1-9360-09B09CF27C3F}.Net20|Any CPU.Build.0 = Net20|Any CPU
		{8374E4D7-2A91-48F1-9360-09B09CF27C3F}.Net20|Mixed Platforms.ActiveCfg = Net20|Any CPU
		{8374E4D7-2A91-48F1-9360-09B09CF27C3F}.Net20|Mixed Platforms.Build.0 = Net20|Any CPU
		{8374E4D7-2A91-48F1-9360-09B09CF27C3F}.Net20|Win32.ActiveCfg = Net20|Any CPU
		{8374E4D7-2A91-48F1-9360-09B09CF27C3F}.Net20|x86.ActiveCfg = Net20|Any CPU
		{8374E4D7-2A91-48F1-9360-09B09CF27C3F}.Nsis|Any CPU.ActiveCfg = Net20|Any CPU
		{8374E4D7-2A91-48F1-9360-09B09CF27C3F}.Nsis|Any CPU.Build.0 = Net20|Any CPU
		{8374E4D7-2A91-48F1-9360-09B09CF27C3F}.Nsis|Mixed Platforms.ActiveCfg = Net20|Any CPU
		{8374E4D7-2A91-48F1-9360-09B09CF27C3F}.Nsis|Mixed Platforms.Build.0 = Net20|Any CPU
		{8374E4D7-2A91-48F1-9360-09B09CF27C3F}.Nsis|Win32.ActiveCfg = Net20|Any CPU
		{8374E4D7-2A91-48F1-9360-09B09CF27C3F}.Nsis|x86.ActiveCfg = Net20|Any CPU
		{8374E4D7-2A91-48F1-9360-09B09CF27C3F}.Profile|Any CPU.ActiveCfg = Profile|Any CPU
		{8374E4D7-2A91-48F1-9360-09B09CF27C3F}.Profile|Any CPU.Build.0 = Profile|Any CPU
		{8374E4D7-2A91-48F1-9360-09B09CF27C3F}.Profile|Mixed Platforms.ActiveCfg = Profile|Any CPU
		{8374E4D7-2A91-48F1-9360-09B09CF27C3F}.Profile|Mixed Platforms.Build.0 = Profile|Any CPU
		{8374E4D7-2A91-48F1-9360-09B09CF27C3F}.Profile|Win32.ActiveCfg = Profile|Any CPU
		{8374E4D7-2A91-48F1-9360-09B09CF27C3F}.Profile|x86.ActiveCfg = Profile|Any CPU
		{8374E4D7-2A91-48F1-9360-09B09CF27C3F}.Release|Any CPU.ActiveCfg = Release|Any CPU
		{8374E4D7-2A91-48F1-9360-09B09CF27C3F}.Release|Any CPU.Build.0 = Release|Any CPU
		{8374E4D7-2A91-48F1-9360-09B09CF27C3F}.Release|Mixed Platforms.ActiveCfg = Release|Any CPU
		{8374E4D7-2A91-48F1-9360-09B09CF27C3F}.Release|Mixed Platforms.Build.0 = Release|Any CPU
		{8374E4D7-2A91-48F1-9360-09B09CF27C3F}.Release|Win32.ActiveCfg = Release|Any CPU
		{8374E4D7-2A91-48F1-9360-09B09CF27C3F}.Release|x86.ActiveCfg = Release|Any CPU
		{8374E4D7-2A91-48F1-9360-09B09CF27C3F}.ReleaseSnk|Any CPU.ActiveCfg = Release|Any CPU
		{8374E4D7-2A91-48F1-9360-09B09CF27C3F}.ReleaseSnk|Any CPU.Build.0 = Release|Any CPU
		{8374E4D7-2A91-48F1-9360-09B09CF27C3F}.ReleaseSnk|Mixed Platforms.ActiveCfg = Release|Any CPU
		{8374E4D7-2A91-48F1-9360-09B09CF27C3F}.ReleaseSnk|Mixed Platforms.Build.0 = Release|Any CPU
		{8374E4D7-2A91-48F1-9360-09B09CF27C3F}.ReleaseSnk|Win32.ActiveCfg = Release|Any CPU
		{8374E4D7-2A91-48F1-9360-09B09CF27C3F}.ReleaseSnk|x86.ActiveCfg = Release|Any CPU
		{8374E4D7-2A91-48F1-9360-09B09CF27C3F}.Silverlight2|Any CPU.ActiveCfg = Silverlight2|Any CPU
		{8374E4D7-2A91-48F1-9360-09B09CF27C3F}.Silverlight2|Any CPU.Build.0 = Silverlight2|Any CPU
		{8374E4D7-2A91-48F1-9360-09B09CF27C3F}.Silverlight2|Mixed Platforms.ActiveCfg = Silverlight2|Any CPU
		{8374E4D7-2A91-48F1-9360-09B09CF27C3F}.Silverlight2|Mixed Platforms.Build.0 = Silverlight2|Any CPU
		{8374E4D7-2A91-48F1-9360-09B09CF27C3F}.Silverlight2|Win32.ActiveCfg = Silverlight2|Any CPU
		{8374E4D7-2A91-48F1-9360-09B09CF27C3F}.Silverlight2|x86.ActiveCfg = Silverlight2|Any CPU
		{8374E4D7-2A91-48F1-9360-09B09CF27C3F}.StockDebug|Any CPU.ActiveCfg = Debug|Any CPU
		{8374E4D7-2A91-48F1-9360-09B09CF27C3F}.StockDebug|Any CPU.Build.0 = Debug|Any CPU
		{8374E4D7-2A91-48F1-9360-09B09CF27C3F}.StockDebug|Mixed Platforms.ActiveCfg = Debug|Any CPU
		{8374E4D7-2A91-48F1-9360-09B09CF27C3F}.StockDebug|Mixed Platforms.Build.0 = Debug|Any CPU
		{8374E4D7-2A91-48F1-9360-09B09CF27C3F}.StockDebug|Win32.ActiveCfg = Debug|Any CPU
		{8374E4D7-2A91-48F1-9360-09B09CF27C3F}.StockDebug|x86.ActiveCfg = Debug|Any CPU
		{8374E4D7-2A91-48F1-9360-09B09CF27C3F}.StockRelease|Any CPU.ActiveCfg = Release|Any CPU
		{8374E4D7-2A91-48F1-9360-09B09CF27C3F}.StockRelease|Any CPU.Build.0 = Release|Any CPU
		{8374E4D7-2A91-48F1-9360-09B09CF27C3F}.StockRelease|Mixed Platforms.ActiveCfg = Release|Any CPU
		{8374E4D7-2A91-48F1-9360-09B09CF27C3F}.StockRelease|Mixed Platforms.Build.0 = Release|Any CPU
		{8374E4D7-2A91-48F1-9360-09B09CF27C3F}.StockRelease|Win32.ActiveCfg = Release|Any CPU
		{8374E4D7-2A91-48F1-9360-09B09CF27C3F}.StockRelease|x86.ActiveCfg = Release|Any CPU
		{AC139952-261A-4463-B6FA-AEBC25283A66}.AutomatedRelease|Any CPU.ActiveCfg = Release|Any CPU
		{AC139952-261A-4463-B6FA-AEBC25283A66}.AutomatedRelease|Any CPU.Build.0 = Release|Any CPU
		{AC139952-261A-4463-B6FA-AEBC25283A66}.AutomatedRelease|Mixed Platforms.ActiveCfg = Release|Any CPU
		{AC139952-261A-4463-B6FA-AEBC25283A66}.AutomatedRelease|Mixed Platforms.Build.0 = Release|Any CPU
		{AC139952-261A-4463-B6FA-AEBC25283A66}.AutomatedRelease|Win32.ActiveCfg = Release|Any CPU
		{AC139952-261A-4463-B6FA-AEBC25283A66}.AutomatedRelease|x86.ActiveCfg = Release|Any CPU
		{AC139952-261A-4463-B6FA-AEBC25283A66}.Debug|Any CPU.ActiveCfg = Debug|Any CPU
		{AC139952-261A-4463-B6FA-AEBC25283A66}.Debug|Any CPU.Build.0 = Debug|Any CPU
		{AC139952-261A-4463-B6FA-AEBC25283A66}.Debug|Mixed Platforms.ActiveCfg = Debug|Any CPU
		{AC139952-261A-4463-B6FA-AEBC25283A66}.Debug|Mixed Platforms.Build.0 = Debug|Any CPU
		{AC139952-261A-4463-B6FA-AEBC25283A66}.Debug|Win32.ActiveCfg = Debug|Any CPU
		{AC139952-261A-4463-B6FA-AEBC25283A66}.Debug|x86.ActiveCfg = Debug|Any CPU
		{AC139952-261A-4463-B6FA-AEBC25283A66}.DebugSnk|Any CPU.ActiveCfg = Debug|Any CPU
		{AC139952-261A-4463-B6FA-AEBC25283A66}.DebugSnk|Any CPU.Build.0 = Debug|Any CPU
		{AC139952-261A-4463-B6FA-AEBC25283A66}.DebugSnk|Mixed Platforms.ActiveCfg = Debug|Any CPU
		{AC139952-261A-4463-B6FA-AEBC25283A66}.DebugSnk|Mixed Platforms.Build.0 = Debug|Any CPU
		{AC139952-261A-4463-B6FA-AEBC25283A66}.DebugSnk|Win32.ActiveCfg = Debug|Any CPU
		{AC139952-261A-4463-B6FA-AEBC25283A66}.DebugSnk|x86.ActiveCfg = Debug|Any CPU
		{AC139952-261A-4463-B6FA-AEBC25283A66}.Documentation|Any CPU.ActiveCfg = Debug|Any CPU
		{AC139952-261A-4463-B6FA-AEBC25283A66}.Documentation|Any CPU.Build.0 = Debug|Any CPU
		{AC139952-261A-4463-B6FA-AEBC25283A66}.Documentation|Mixed Platforms.ActiveCfg = Debug|Any CPU
		{AC139952-261A-4463-B6FA-AEBC25283A66}.Documentation|Mixed Platforms.Build.0 = Debug|Any CPU
		{AC139952-261A-4463-B6FA-AEBC25283A66}.Documentation|Win32.ActiveCfg = Debug|Any CPU
		{AC139952-261A-4463-B6FA-AEBC25283A66}.Documentation|x86.ActiveCfg = Debug|Any CPU
		{AC139952-261A-4463-B6FA-AEBC25283A66}.Net20|Any CPU.ActiveCfg = StockRelease|Any CPU
		{AC139952-261A-4463-B6FA-AEBC25283A66}.Net20|Any CPU.Build.0 = StockRelease|Any CPU
		{AC139952-261A-4463-B6FA-AEBC25283A66}.Net20|Mixed Platforms.ActiveCfg = StockRelease|Any CPU
		{AC139952-261A-4463-B6FA-AEBC25283A66}.Net20|Mixed Platforms.Build.0 = StockRelease|Any CPU
		{AC139952-261A-4463-B6FA-AEBC25283A66}.Net20|Win32.ActiveCfg = StockRelease|Any CPU
		{AC139952-261A-4463-B6FA-AEBC25283A66}.Net20|x86.ActiveCfg = StockRelease|Any CPU
		{AC139952-261A-4463-B6FA-AEBC25283A66}.Nsis|Any CPU.ActiveCfg = StockRelease|Any CPU
		{AC139952-261A-4463-B6FA-AEBC25283A66}.Nsis|Any CPU.Build.0 = StockRelease|Any CPU
		{AC139952-261A-4463-B6FA-AEBC25283A66}.Nsis|Mixed Platforms.ActiveCfg = StockRelease|Any CPU
		{AC139952-261A-4463-B6FA-AEBC25283A66}.Nsis|Mixed Platforms.Build.0 = StockRelease|Any CPU
		{AC139952-261A-4463-B6FA-AEBC25283A66}.Nsis|Win32.ActiveCfg = StockRelease|Any CPU
		{AC139952-261A-4463-B6FA-AEBC25283A66}.Nsis|x86.ActiveCfg = StockRelease|Any CPU
		{AC139952-261A-4463-B6FA-AEBC25283A66}.Profile|Any CPU.ActiveCfg = StockRelease|Any CPU
		{AC139952-261A-4463-B6FA-AEBC25283A66}.Profile|Any CPU.Build.0 = StockRelease|Any CPU
		{AC139952-261A-4463-B6FA-AEBC25283A66}.Profile|Mixed Platforms.ActiveCfg = StockRelease|Any CPU
		{AC139952-261A-4463-B6FA-AEBC25283A66}.Profile|Mixed Platforms.Build.0 = StockRelease|Any CPU
		{AC139952-261A-4463-B6FA-AEBC25283A66}.Profile|Win32.ActiveCfg = StockRelease|Any CPU
		{AC139952-261A-4463-B6FA-AEBC25283A66}.Profile|x86.ActiveCfg = StockRelease|Any CPU
		{AC139952-261A-4463-B6FA-AEBC25283A66}.Release|Any CPU.ActiveCfg = Release|Any CPU
		{AC139952-261A-4463-B6FA-AEBC25283A66}.Release|Any CPU.Build.0 = Release|Any CPU
		{AC139952-261A-4463-B6FA-AEBC25283A66}.Release|Mixed Platforms.ActiveCfg = Release|Any CPU
		{AC139952-261A-4463-B6FA-AEBC25283A66}.Release|Mixed Platforms.Build.0 = Release|Any CPU
		{AC139952-261A-4463-B6FA-AEBC25283A66}.Release|Win32.ActiveCfg = Release|Any CPU
		{AC139952-261A-4463-B6FA-AEBC25283A66}.Release|x86.ActiveCfg = Release|Any CPU
		{AC139952-261A-4463-B6FA-AEBC25283A66}.ReleaseSnk|Any CPU.ActiveCfg = Release|Any CPU
		{AC139952-261A-4463-B6FA-AEBC25283A66}.ReleaseSnk|Any CPU.Build.0 = Release|Any CPU
		{AC139952-261A-4463-B6FA-AEBC25283A66}.ReleaseSnk|Mixed Platforms.ActiveCfg = Release|Any CPU
		{AC139952-261A-4463-B6FA-AEBC25283A66}.ReleaseSnk|Mixed Platforms.Build.0 = Release|Any CPU
		{AC139952-261A-4463-B6FA-AEBC25283A66}.ReleaseSnk|Win32.ActiveCfg = Release|Any CPU
		{AC139952-261A-4463-B6FA-AEBC25283A66}.ReleaseSnk|x86.ActiveCfg = Release|Any CPU
		{AC139952-261A-4463-B6FA-AEBC25283A66}.Silverlight2|Any CPU.ActiveCfg = StockRelease|Any CPU
		{AC139952-261A-4463-B6FA-AEBC25283A66}.Silverlight2|Any CPU.Build.0 = StockRelease|Any CPU
		{AC139952-261A-4463-B6FA-AEBC25283A66}.Silverlight2|Mixed Platforms.ActiveCfg = StockRelease|Any CPU
		{AC139952-261A-4463-B6FA-AEBC25283A66}.Silverlight2|Mixed Platforms.Build.0 = StockRelease|Any CPU
		{AC139952-261A-4463-B6FA-AEBC25283A66}.Silverlight2|Win32.ActiveCfg = StockRelease|Any CPU
		{AC139952-261A-4463-B6FA-AEBC25283A66}.Silverlight2|x86.ActiveCfg = StockRelease|Any CPU
		{AC139952-261A-4463-B6FA-AEBC25283A66}.StockDebug|Any CPU.ActiveCfg = StockDebug|Any CPU
		{AC139952-261A-4463-B6FA-AEBC25283A66}.StockDebug|Any CPU.Build.0 = StockDebug|Any CPU
		{AC139952-261A-4463-B6FA-AEBC25283A66}.StockDebug|Mixed Platforms.ActiveCfg = StockDebug|Any CPU
		{AC139952-261A-4463-B6FA-AEBC25283A66}.StockDebug|Mixed Platforms.Build.0 = StockDebug|Any CPU
		{AC139952-261A-4463-B6FA-AEBC25283A66}.StockDebug|Win32.ActiveCfg = StockDebug|Any CPU
		{AC139952-261A-4463-B6FA-AEBC25283A66}.StockDebug|x86.ActiveCfg = StockDebug|Any CPU
		{AC139952-261A-4463-B6FA-AEBC25283A66}.StockRelease|Any CPU.ActiveCfg = StockRelease|Any CPU
		{AC139952-261A-4463-B6FA-AEBC25283A66}.StockRelease|Any CPU.Build.0 = StockRelease|Any CPU
		{AC139952-261A-4463-B6FA-AEBC25283A66}.StockRelease|Mixed Platforms.ActiveCfg = StockRelease|Any CPU
		{AC139952-261A-4463-B6FA-AEBC25283A66}.StockRelease|Mixed Platforms.Build.0 = StockRelease|Any CPU
		{AC139952-261A-4463-B6FA-AEBC25283A66}.StockRelease|Win32.ActiveCfg = StockRelease|Any CPU
		{AC139952-261A-4463-B6FA-AEBC25283A66}.StockRelease|x86.ActiveCfg = StockRelease|Any CPU
	EndGlobalSection
	GlobalSection(SolutionProperties) = preSolution
		HideSolutionNode = FALSE
	EndGlobalSection
	GlobalSection(MonoDevelopProperties) = preSolution
		StartupItem = BSClient\BSClient.csproj
	EndGlobalSection
EndGlobal
